{
  "object": {
    "pins": [
      {
        "package": "Socket",
        "repositoryURL": "https://github.com/IBM-Swift/BlueSocket.git",
        "state": {
          "branch": null,
          "revision": "a4370251998438d60335151141968546e2330379",
          "version": "1.0.8"
        }
      },
      {
        "package": "CryptoSwift",
        "repositoryURL": "https://github.com/krzyzanowskim/CryptoSwift",
        "state": {
          "branch": null,
          "revision": "ea8c0769151d7d9587e1768094a517890114391e",
          "version": "0.10.0"
        }
      },
      {
        "package": "PerfectCRUD",
        "repositoryURL": "https://github.com/PerfectlySoft/Perfect-CRUD.git",
        "state": {
          "branch": null,
          "revision": "e79873e28ee9acf96fdf71b6784130a97a4b3f74",
          "version": "1.0.4"
        }
      },
      {
        "package": "PerfectSQLite",
        "repositoryURL": "https://github.com/PerfectlySoft/Perfect-SQLite.git",
        "state": {
          "branch": null,
          "revision": "36d57fa64a1f46aa2e4545a30d79dc5a5c2ef6ed",
          "version": "3.1.1"
        }
      },
      {
        "package": "PerfectCSQLite3",
        "repositoryURL": "https://github.com/PerfectlySoft/Perfect-sqlite3-support.git",
        "state": {
          "branch": null,
          "revision": "fb806c0fd0fcbf27ababa9c03a00e32c2c46464c",
          "version": "3.0.0"
        }
      },
      {
        "package": "Threading",
        "repositoryURL": "https://github.com/Miraion/Threading.git",
        "state": {
          "branch": null,
          "revision": "f326bcd84449b7d6604f2b3ff601b8d87ac39790",
          "version": "1.0.1"
        }
      }
    ]
  },
  "version": 1
}
