// !$*UTF8*$!
{
	archiveVersion = 1;
	classes = {
	};
	objectVersion = 46;
	objects = {

/* Begin PBXAggregateTarget section */
		"Server::ServerPackageTests::ProductTarget" /* ServerPackageTests */ = {
			isa = PBXAggregateTarget;
			buildConfigurationList = OBJ_292 /* Build configuration list for PBXAggregateTarget "ServerPackageTests" */;
			buildPhases = (
			);
			dependencies = (
				OBJ_295 /* PBXTargetDependency */,
			);
			name = ServerPackageTests;
			productName = ServerPackageTests;
		};
/* End PBXAggregateTarget section */

/* Begin PBXBuildFile section */
		3F42896B20F2BE7400F3B99A /* NodeDelegate.swift in Sources */ = {isa = PBXBuildFile; fileRef = 3F42896A20F2BE7400F3B99A /* NodeDelegate.swift */; };
		3F42896E20F2BE8900F3B99A /* OutboundDelegate.swift in Sources */ = {isa = PBXBuildFile; fileRef = 3F42896C20F2BE8900F3B99A /* OutboundDelegate.swift */; };
		3F42896F20F2BE8900F3B99A /* InboundDelegate.swift in Sources */ = {isa = PBXBuildFile; fileRef = 3F42896D20F2BE8900F3B99A /* InboundDelegate.swift */; };
		3F42897420F2BEA900F3B99A /* NetworkNode.swift in Sources */ = {isa = PBXBuildFile; fileRef = 3F42897020F2BEA900F3B99A /* NetworkNode.swift */; };
		3F42897520F2BEA900F3B99A /* Router.swift in Sources */ = {isa = PBXBuildFile; fileRef = 3F42897120F2BEA900F3B99A /* Router.swift */; };
		3F42897620F2BEA900F3B99A /* NodePacket.swift in Sources */ = {isa = PBXBuildFile; fileRef = 3F42897220F2BEA900F3B99A /* NodePacket.swift */; };
		3F42897720F2BEA900F3B99A /* Server.swift in Sources */ = {isa = PBXBuildFile; fileRef = 3F42897320F2BEA900F3B99A /* Server.swift */; };
		3F44E28420F179540041E62D /* TestManifest.swift in Sources */ = {isa = PBXBuildFile; fileRef = 3F44E28320F179540041E62D /* TestManifest.swift */; };
		BAA6543C3D1102257BE4353A /* EchoHandler.swift in Sources */ = {isa = PBXBuildFile; fileRef = BAA656056C88B711AF0DEF3D /* EchoHandler.swift */; };
		BAA657ED6056AF53BAA52F8D /* Time.swift in Sources */ = {isa = PBXBuildFile; fileRef = BAA65E3C545EFB5B64696CD3 /* Time.swift */; };
		BAA6582A9FB36906AB236A64 /* LabelDispatch.swift in Sources */ = {isa = PBXBuildFile; fileRef = BAA65A0514737847E8CF46CE /* LabelDispatch.swift */; };
		BAA658747F4635B45CE65FE4 /* HandshakeHandler.swift in Sources */ = {isa = PBXBuildFile; fileRef = BAA6518996A03C9CC4EC835A /* HandshakeHandler.swift */; };
		BAA6590A4A3DA7D5D958F51B /* ServerError.swift in Sources */ = {isa = PBXBuildFile; fileRef = BAA652D57778F646D5B89456 /* ServerError.swift */; };
		BAA65ABD2024F1A5DEC4B807 /* Handler.swift in Sources */ = {isa = PBXBuildFile; fileRef = BAA65C5E1BA4C7725539AA4C /* Handler.swift */; };
		BAA65C079FE908AF1347E182 /* Probe.swift in Sources */ = {isa = PBXBuildFile; fileRef = BAA65FC02A5E7BAE6A7B8C5E /* Probe.swift */; };
		OBJ_146 /* AEAD.swift in Sources */ = {isa = PBXBuildFile; fileRef = OBJ_40 /* AEAD.swift */; };
		OBJ_147 /* AEADChaCha20Poly1305.swift in Sources */ = {isa = PBXBuildFile; fileRef = OBJ_41 /* AEADChaCha20Poly1305.swift */; };
		OBJ_148 /* AES.Cryptors.swift in Sources */ = {isa = PBXBuildFile; fileRef = OBJ_42 /* AES.Cryptors.swift */; };
		OBJ_149 /* AES.swift in Sources */ = {isa = PBXBuildFile; fileRef = OBJ_43 /* AES.swift */; };
		OBJ_150 /* Array+Extension.swift in Sources */ = {isa = PBXBuildFile; fileRef = OBJ_44 /* Array+Extension.swift */; };
		OBJ_151 /* Authenticator.swift in Sources */ = {isa = PBXBuildFile; fileRef = OBJ_45 /* Authenticator.swift */; };
		OBJ_152 /* BatchedCollection.swift in Sources */ = {isa = PBXBuildFile; fileRef = OBJ_46 /* BatchedCollection.swift */; };
		OBJ_153 /* Bit.swift in Sources */ = {isa = PBXBuildFile; fileRef = OBJ_47 /* Bit.swift */; };
		OBJ_154 /* BlockCipher.swift in Sources */ = {isa = PBXBuildFile; fileRef = OBJ_48 /* BlockCipher.swift */; };
		OBJ_155 /* BlockMode.swift in Sources */ = {isa = PBXBuildFile; fileRef = OBJ_50 /* BlockMode.swift */; };
		OBJ_156 /* BlockModeOptions.swift in Sources */ = {isa = PBXBuildFile; fileRef = OBJ_51 /* BlockModeOptions.swift */; };
		OBJ_157 /* BlockModeWorker.swift in Sources */ = {isa = PBXBuildFile; fileRef = OBJ_52 /* BlockModeWorker.swift */; };
		OBJ_158 /* CBC.swift in Sources */ = {isa = PBXBuildFile; fileRef = OBJ_53 /* CBC.swift */; };
		OBJ_159 /* CFB.swift in Sources */ = {isa = PBXBuildFile; fileRef = OBJ_54 /* CFB.swift */; };
		OBJ_160 /* CTR.swift in Sources */ = {isa = PBXBuildFile; fileRef = OBJ_55 /* CTR.swift */; };
		OBJ_161 /* ECB.swift in Sources */ = {isa = PBXBuildFile; fileRef = OBJ_56 /* ECB.swift */; };
		OBJ_162 /* GCM.swift in Sources */ = {isa = PBXBuildFile; fileRef = OBJ_57 /* GCM.swift */; };
		OBJ_163 /* OFB.swift in Sources */ = {isa = PBXBuildFile; fileRef = OBJ_58 /* OFB.swift */; };
		OBJ_164 /* PCBC.swift in Sources */ = {isa = PBXBuildFile; fileRef = OBJ_59 /* PCBC.swift */; };
		OBJ_165 /* RandomAccessBlockModeWorker.swift in Sources */ = {isa = PBXBuildFile; fileRef = OBJ_60 /* RandomAccessBlockModeWorker.swift */; };
		OBJ_166 /* Blowfish.swift in Sources */ = {isa = PBXBuildFile; fileRef = OBJ_61 /* Blowfish.swift */; };
		OBJ_167 /* CMAC.swift in Sources */ = {isa = PBXBuildFile; fileRef = OBJ_62 /* CMAC.swift */; };
		OBJ_168 /* ChaCha20.swift in Sources */ = {isa = PBXBuildFile; fileRef = OBJ_63 /* ChaCha20.swift */; };
		OBJ_169 /* Checksum.swift in Sources */ = {isa = PBXBuildFile; fileRef = OBJ_64 /* Checksum.swift */; };
		OBJ_170 /* Cipher.swift in Sources */ = {isa = PBXBuildFile; fileRef = OBJ_65 /* Cipher.swift */; };
		OBJ_171 /* Collection+Extension.swift in Sources */ = {isa = PBXBuildFile; fileRef = OBJ_66 /* Collection+Extension.swift */; };
		OBJ_172 /* CompactMap.swift in Sources */ = {isa = PBXBuildFile; fileRef = OBJ_67 /* CompactMap.swift */; };
		OBJ_173 /* Cryptors.swift in Sources */ = {isa = PBXBuildFile; fileRef = OBJ_68 /* Cryptors.swift */; };
		OBJ_174 /* Digest.swift in Sources */ = {isa = PBXBuildFile; fileRef = OBJ_69 /* Digest.swift */; };
		OBJ_175 /* DigestType.swift in Sources */ = {isa = PBXBuildFile; fileRef = OBJ_70 /* DigestType.swift */; };
		OBJ_176 /* AES+Foundation.swift in Sources */ = {isa = PBXBuildFile; fileRef = OBJ_72 /* AES+Foundation.swift */; };
		OBJ_177 /* Array+Foundation.swift in Sources */ = {isa = PBXBuildFile; fileRef = OBJ_73 /* Array+Foundation.swift */; };
		OBJ_178 /* Blowfish+Foundation.swift in Sources */ = {isa = PBXBuildFile; fileRef = OBJ_74 /* Blowfish+Foundation.swift */; };
		OBJ_179 /* ChaCha20+Foundation.swift in Sources */ = {isa = PBXBuildFile; fileRef = OBJ_75 /* ChaCha20+Foundation.swift */; };
		OBJ_180 /* Data+Extension.swift in Sources */ = {isa = PBXBuildFile; fileRef = OBJ_76 /* Data+Extension.swift */; };
		OBJ_181 /* HMAC+Foundation.swift in Sources */ = {isa = PBXBuildFile; fileRef = OBJ_77 /* HMAC+Foundation.swift */; };
		OBJ_182 /* Rabbit+Foundation.swift in Sources */ = {isa = PBXBuildFile; fileRef = OBJ_78 /* Rabbit+Foundation.swift */; };
		OBJ_183 /* String+FoundationExtension.swift in Sources */ = {isa = PBXBuildFile; fileRef = OBJ_79 /* String+FoundationExtension.swift */; };
		OBJ_184 /* Utils+Foundation.swift in Sources */ = {isa = PBXBuildFile; fileRef = OBJ_80 /* Utils+Foundation.swift */; };
		OBJ_185 /* Generics.swift in Sources */ = {isa = PBXBuildFile; fileRef = OBJ_81 /* Generics.swift */; };
		OBJ_186 /* HKDF.swift in Sources */ = {isa = PBXBuildFile; fileRef = OBJ_82 /* HKDF.swift */; };
		OBJ_187 /* HMAC.swift in Sources */ = {isa = PBXBuildFile; fileRef = OBJ_83 /* HMAC.swift */; };
		OBJ_188 /* Int+Extension.swift in Sources */ = {isa = PBXBuildFile; fileRef = OBJ_84 /* Int+Extension.swift */; };
		OBJ_189 /* MD5.swift in Sources */ = {isa = PBXBuildFile; fileRef = OBJ_85 /* MD5.swift */; };
		OBJ_190 /* NoPadding.swift in Sources */ = {isa = PBXBuildFile; fileRef = OBJ_86 /* NoPadding.swift */; };
		OBJ_191 /* Operators.swift in Sources */ = {isa = PBXBuildFile; fileRef = OBJ_87 /* Operators.swift */; };
		OBJ_192 /* PBKDF1.swift in Sources */ = {isa = PBXBuildFile; fileRef = OBJ_89 /* PBKDF1.swift */; };
		OBJ_193 /* PBKDF2.swift in Sources */ = {isa = PBXBuildFile; fileRef = OBJ_90 /* PBKDF2.swift */; };
		OBJ_194 /* PKCS5.swift in Sources */ = {isa = PBXBuildFile; fileRef = OBJ_91 /* PKCS5.swift */; };
		OBJ_195 /* PKCS7.swift in Sources */ = {isa = PBXBuildFile; fileRef = OBJ_92 /* PKCS7.swift */; };
		OBJ_196 /* PKCS7Padding.swift in Sources */ = {isa = PBXBuildFile; fileRef = OBJ_93 /* PKCS7Padding.swift */; };
		OBJ_197 /* Padding.swift in Sources */ = {isa = PBXBuildFile; fileRef = OBJ_94 /* Padding.swift */; };
		OBJ_198 /* Poly1305.swift in Sources */ = {isa = PBXBuildFile; fileRef = OBJ_95 /* Poly1305.swift */; };
		OBJ_199 /* Rabbit.swift in Sources */ = {isa = PBXBuildFile; fileRef = OBJ_96 /* Rabbit.swift */; };
		OBJ_200 /* RandomAccessCryptor.swift in Sources */ = {isa = PBXBuildFile; fileRef = OBJ_97 /* RandomAccessCryptor.swift */; };
		OBJ_201 /* RandomBytesSequence.swift in Sources */ = {isa = PBXBuildFile; fileRef = OBJ_98 /* RandomBytesSequence.swift */; };
		OBJ_202 /* SHA1.swift in Sources */ = {isa = PBXBuildFile; fileRef = OBJ_99 /* SHA1.swift */; };
		OBJ_203 /* SHA2.swift in Sources */ = {isa = PBXBuildFile; fileRef = OBJ_100 /* SHA2.swift */; };
		OBJ_204 /* SHA3.swift in Sources */ = {isa = PBXBuildFile; fileRef = OBJ_101 /* SHA3.swift */; };
		OBJ_205 /* SecureBytes.swift in Sources */ = {isa = PBXBuildFile; fileRef = OBJ_102 /* SecureBytes.swift */; };
		OBJ_206 /* String+Extension.swift in Sources */ = {isa = PBXBuildFile; fileRef = OBJ_103 /* String+Extension.swift */; };
		OBJ_207 /* UInt128.swift in Sources */ = {isa = PBXBuildFile; fileRef = OBJ_104 /* UInt128.swift */; };
		OBJ_208 /* UInt16+Extension.swift in Sources */ = {isa = PBXBuildFile; fileRef = OBJ_105 /* UInt16+Extension.swift */; };
		OBJ_209 /* UInt32+Extension.swift in Sources */ = {isa = PBXBuildFile; fileRef = OBJ_106 /* UInt32+Extension.swift */; };
		OBJ_210 /* UInt64+Extension.swift in Sources */ = {isa = PBXBuildFile; fileRef = OBJ_107 /* UInt64+Extension.swift */; };
		OBJ_211 /* UInt8+Extension.swift in Sources */ = {isa = PBXBuildFile; fileRef = OBJ_108 /* UInt8+Extension.swift */; };
		OBJ_212 /* Updatable.swift in Sources */ = {isa = PBXBuildFile; fileRef = OBJ_109 /* Updatable.swift */; };
		OBJ_213 /* Utils.swift in Sources */ = {isa = PBXBuildFile; fileRef = OBJ_110 /* Utils.swift */; };
		OBJ_214 /* ZeroPadding.swift in Sources */ = {isa = PBXBuildFile; fileRef = OBJ_111 /* ZeroPadding.swift */; };
		OBJ_221 /* Package.swift in Sources */ = {isa = PBXBuildFile; fileRef = OBJ_112 /* Package.swift */; };
		OBJ_227 /* FlagComplex.swift in Sources */ = {isa = PBXBuildFile; fileRef = OBJ_17 /* FlagComplex.swift */; };
		OBJ_228 /* FlagSet.swift in Sources */ = {isa = PBXBuildFile; fileRef = OBJ_18 /* FlagSet.swift */; };
		OBJ_229 /* IFAddress.swift in Sources */ = {isa = PBXBuildFile; fileRef = OBJ_19 /* IFAddress.swift */; };
		OBJ_230 /* LabelDispatch.swift in Sources */ = {isa = PBXBuildFile; fileRef = OBJ_20 /* LabelDispatch.swift */; };
		OBJ_231 /* MessageFlags.swift in Sources */ = {isa = PBXBuildFile; fileRef = OBJ_21 /* MessageFlags.swift */; };
		OBJ_232 /* NetworkError.swift in Sources */ = {isa = PBXBuildFile; fileRef = OBJ_22 /* NetworkError.swift */; };
		OBJ_233 /* NetworkErrorEvent.swift in Sources */ = {isa = PBXBuildFile; fileRef = OBJ_23 /* NetworkErrorEvent.swift */; };
		OBJ_234 /* Cryptographer.swift in Sources */ = {isa = PBXBuildFile; fileRef = OBJ_25 /* Cryptographer.swift */; };
		OBJ_235 /* Message.swift in Sources */ = {isa = PBXBuildFile; fileRef = OBJ_26 /* Message.swift */; };
		OBJ_236 /* Address.swift in Sources */ = {isa = PBXBuildFile; fileRef = OBJ_28 /* Address.swift */; };
		OBJ_237 /* UDPSocket.swift in Sources */ = {isa = PBXBuildFile; fileRef = OBJ_29 /* UDPSocket.swift */; };
		OBJ_238 /* NetworkHost.swift in Sources */ = {isa = PBXBuildFile; fileRef = OBJ_30 /* NetworkHost.swift */; };
		OBJ_239 /* NetworkInterface.swift in Sources */ = {isa = PBXBuildFile; fileRef = OBJ_31 /* NetworkInterface.swift */; };
		OBJ_241 /* CryptoSwift.framework in Frameworks */ = {isa = PBXBuildFile; fileRef = "CryptoSwift::CryptoSwift::Product" /* CryptoSwift.framework */; };
		OBJ_242 /* Socket.framework in Frameworks */ = {isa = PBXBuildFile; fileRef = "Socket::Socket::Product" /* Socket.framework */; };
		OBJ_243 /* SwiftyJSON.framework in Frameworks */ = {isa = PBXBuildFile; fileRef = "Server::SwiftyJSON::Product" /* SwiftyJSON.framework */; };
		OBJ_254 /* NetConnectTests.swift in Sources */ = {isa = PBXBuildFile; fileRef = OBJ_34 /* NetConnectTests.swift */; };
		OBJ_255 /* XCTestManifests.swift in Sources */ = {isa = PBXBuildFile; fileRef = OBJ_35 /* XCTestManifests.swift */; };
		OBJ_257 /* NetConnect.framework in Frameworks */ = {isa = PBXBuildFile; fileRef = "Server::NetConnect::Product" /* NetConnect.framework */; };
		OBJ_258 /* CryptoSwift.framework in Frameworks */ = {isa = PBXBuildFile; fileRef = "CryptoSwift::CryptoSwift::Product" /* CryptoSwift.framework */; };
		OBJ_259 /* Socket.framework in Frameworks */ = {isa = PBXBuildFile; fileRef = "Socket::Socket::Product" /* Socket.framework */; };
		OBJ_260 /* SwiftyJSON.framework in Frameworks */ = {isa = PBXBuildFile; fileRef = "Server::SwiftyJSON::Product" /* SwiftyJSON.framework */; };
		OBJ_270 /* Config.swift in Sources */ = {isa = PBXBuildFile; fileRef = OBJ_12 /* Config.swift */; };
		OBJ_271 /* Log.swift in Sources */ = {isa = PBXBuildFile; fileRef = OBJ_13 /* Log.swift */; };
		OBJ_272 /* main.swift in Sources */ = {isa = PBXBuildFile; fileRef = OBJ_14 /* main.swift */; };
		OBJ_274 /* Threading.framework in Frameworks */ = {isa = PBXBuildFile; fileRef = "Threading::Threading::Product" /* Threading.framework */; };
		OBJ_275 /* NetConnect.framework in Frameworks */ = {isa = PBXBuildFile; fileRef = "Server::NetConnect::Product" /* NetConnect.framework */; };
		OBJ_276 /* CryptoSwift.framework in Frameworks */ = {isa = PBXBuildFile; fileRef = "CryptoSwift::CryptoSwift::Product" /* CryptoSwift.framework */; };
		OBJ_277 /* Socket.framework in Frameworks */ = {isa = PBXBuildFile; fileRef = "Socket::Socket::Product" /* Socket.framework */; };
		OBJ_278 /* SwiftyJSON.framework in Frameworks */ = {isa = PBXBuildFile; fileRef = "Server::SwiftyJSON::Product" /* SwiftyJSON.framework */; };
		OBJ_290 /* Package.swift in Sources */ = {isa = PBXBuildFile; fileRef = OBJ_6 /* Package.swift */; };
		OBJ_300 /* Socket.swift in Sources */ = {isa = PBXBuildFile; fileRef = OBJ_115 /* Socket.swift */; };
		OBJ_301 /* SocketProtocols.swift in Sources */ = {isa = PBXBuildFile; fileRef = OBJ_116 /* SocketProtocols.swift */; };
		OBJ_302 /* SocketUtils.swift in Sources */ = {isa = PBXBuildFile; fileRef = OBJ_117 /* SocketUtils.swift */; };
		OBJ_309 /* Package.swift in Sources */ = {isa = PBXBuildFile; fileRef = OBJ_118 /* Package.swift */; };
		OBJ_314 /* SwiftyJSON.swift in Sources */ = {isa = PBXBuildFile; fileRef = OBJ_9 /* SwiftyJSON.swift */; };
		OBJ_320 /* Atomic.swift in Sources */ = {isa = PBXBuildFile; fileRef = OBJ_122 /* Atomic.swift */; };
		OBJ_321 /* ThreadedArray.swift in Sources */ = {isa = PBXBuildFile; fileRef = OBJ_123 /* ThreadedArray.swift */; };
		OBJ_322 /* ThreadedDictionary.swift in Sources */ = {isa = PBXBuildFile; fileRef = OBJ_124 /* ThreadedDictionary.swift */; };
		OBJ_323 /* ThreadedQueue.swift in Sources */ = {isa = PBXBuildFile; fileRef = OBJ_125 /* ThreadedQueue.swift */; };
		OBJ_324 /* LabelDispatch.swift in Sources */ = {isa = PBXBuildFile; fileRef = OBJ_127 /* LabelDispatch.swift */; };
		OBJ_325 /* LinkedQueue.swift in Sources */ = {isa = PBXBuildFile; fileRef = OBJ_128 /* LinkedQueue.swift */; };
		OBJ_326 /* ThreadedCollection.swift in Sources */ = {isa = PBXBuildFile; fileRef = OBJ_129 /* ThreadedCollection.swift */; };
		OBJ_327 /* ThreadedObject.swift in Sources */ = {isa = PBXBuildFile; fileRef = OBJ_130 /* ThreadedObject.swift */; };
		OBJ_328 /* ThreadingType.swift in Sources */ = {isa = PBXBuildFile; fileRef = OBJ_131 /* ThreadingType.swift */; };
		OBJ_335 /* Package.swift in Sources */ = {isa = PBXBuildFile; fileRef = OBJ_132 /* Package.swift */; };
/* End PBXBuildFile section */

/* Begin PBXContainerItemProxy section */
		3F44E27520F1791C0041E62D /* PBXContainerItemProxy */ = {
			isa = PBXContainerItemProxy;
			containerPortal = OBJ_1 /* Project object */;
			proxyType = 1;
			remoteGlobalIDString = CryptoSwift::CryptoSwift;
			remoteInfo = CryptoSwift;
		};
		3F44E27620F1791C0041E62D /* PBXContainerItemProxy */ = {
			isa = PBXContainerItemProxy;
			containerPortal = OBJ_1 /* Project object */;
			proxyType = 1;
			remoteGlobalIDString = Socket::Socket;
			remoteInfo = Socket;
		};
		3F44E27720F1791C0041E62D /* PBXContainerItemProxy */ = {
			isa = PBXContainerItemProxy;
			containerPortal = OBJ_1 /* Project object */;
			proxyType = 1;
			remoteGlobalIDString = Server::SwiftyJSON;
			remoteInfo = SwiftyJSON;
		};
		3F44E27820F1791C0041E62D /* PBXContainerItemProxy */ = {
			isa = PBXContainerItemProxy;
			containerPortal = OBJ_1 /* Project object */;
			proxyType = 1;
			remoteGlobalIDString = Server::NetConnect;
			remoteInfo = NetConnect;
		};
		3F44E27920F1791C0041E62D /* PBXContainerItemProxy */ = {
			isa = PBXContainerItemProxy;
			containerPortal = OBJ_1 /* Project object */;
			proxyType = 1;
			remoteGlobalIDString = CryptoSwift::CryptoSwift;
			remoteInfo = CryptoSwift;
		};
		3F44E27A20F1791C0041E62D /* PBXContainerItemProxy */ = {
			isa = PBXContainerItemProxy;
			containerPortal = OBJ_1 /* Project object */;
			proxyType = 1;
			remoteGlobalIDString = Socket::Socket;
			remoteInfo = Socket;
		};
		3F44E27B20F1791C0041E62D /* PBXContainerItemProxy */ = {
			isa = PBXContainerItemProxy;
			containerPortal = OBJ_1 /* Project object */;
			proxyType = 1;
			remoteGlobalIDString = Server::SwiftyJSON;
			remoteInfo = SwiftyJSON;
		};
		3F44E27C20F1791C0041E62D /* PBXContainerItemProxy */ = {
			isa = PBXContainerItemProxy;
			containerPortal = OBJ_1 /* Project object */;
			proxyType = 1;
			remoteGlobalIDString = Threading::Threading;
			remoteInfo = Threading;
		};
		3F44E27D20F1791C0041E62D /* PBXContainerItemProxy */ = {
			isa = PBXContainerItemProxy;
			containerPortal = OBJ_1 /* Project object */;
			proxyType = 1;
			remoteGlobalIDString = Server::NetConnect;
			remoteInfo = NetConnect;
		};
		3F44E27E20F1791C0041E62D /* PBXContainerItemProxy */ = {
			isa = PBXContainerItemProxy;
			containerPortal = OBJ_1 /* Project object */;
			proxyType = 1;
			remoteGlobalIDString = CryptoSwift::CryptoSwift;
			remoteInfo = CryptoSwift;
		};
		3F44E27F20F1791C0041E62D /* PBXContainerItemProxy */ = {
			isa = PBXContainerItemProxy;
			containerPortal = OBJ_1 /* Project object */;
			proxyType = 1;
			remoteGlobalIDString = Socket::Socket;
			remoteInfo = Socket;
		};
		3F44E28020F1791C0041E62D /* PBXContainerItemProxy */ = {
			isa = PBXContainerItemProxy;
			containerPortal = OBJ_1 /* Project object */;
			proxyType = 1;
			remoteGlobalIDString = Server::SwiftyJSON;
			remoteInfo = SwiftyJSON;
		};
		3F44E28120F1791C0041E62D /* PBXContainerItemProxy */ = {
			isa = PBXContainerItemProxy;
			containerPortal = OBJ_1 /* Project object */;
			proxyType = 1;
			remoteGlobalIDString = Server::NetConnectTests;
			remoteInfo = NetConnectTests;
		};
/* End PBXContainerItemProxy section */

/* Begin PBXFileReference section */
		3F42896A20F2BE7400F3B99A /* NodeDelegate.swift */ = {isa = PBXFileReference; fileEncoding = 4; lastKnownFileType = sourcecode.swift; name = NodeDelegate.swift; path = Protocols/NodeDelegate.swift; sourceTree = "<group>"; };
		3F42896C20F2BE8900F3B99A /* OutboundDelegate.swift */ = {isa = PBXFileReference; fileEncoding = 4; lastKnownFileType = sourcecode.swift; name = OutboundDelegate.swift; path = Delegates/OutboundDelegate.swift; sourceTree = "<group>"; };
		3F42896D20F2BE8900F3B99A /* InboundDelegate.swift */ = {isa = PBXFileReference; fileEncoding = 4; lastKnownFileType = sourcecode.swift; name = InboundDelegate.swift; path = Delegates/InboundDelegate.swift; sourceTree = "<group>"; };
		3F42897020F2BEA900F3B99A /* NetworkNode.swift */ = {isa = PBXFileReference; fileEncoding = 4; lastKnownFileType = sourcecode.swift; name = NetworkNode.swift; path = Core/NetworkNode.swift; sourceTree = "<group>"; };
		3F42897120F2BEA900F3B99A /* Router.swift */ = {isa = PBXFileReference; fileEncoding = 4; lastKnownFileType = sourcecode.swift; name = Router.swift; path = Core/Router.swift; sourceTree = "<group>"; };
		3F42897220F2BEA900F3B99A /* NodePacket.swift */ = {isa = PBXFileReference; fileEncoding = 4; lastKnownFileType = sourcecode.swift; name = NodePacket.swift; path = Core/NodePacket.swift; sourceTree = "<group>"; };
		3F42897320F2BEA900F3B99A /* Server.swift */ = {isa = PBXFileReference; fileEncoding = 4; lastKnownFileType = sourcecode.swift; name = Server.swift; path = Core/Server.swift; sourceTree = "<group>"; };
		3F44E28320F179540041E62D /* TestManifest.swift */ = {isa = PBXFileReference; lastKnownFileType = sourcecode.swift; path = TestManifest.swift; sourceTree = "<group>"; };
		3F4B2AD220F17A0E00D8CD02 /* srvconf.json */ = {isa = PBXFileReference; lastKnownFileType = text.json; path = srvconf.json; sourceTree = "<group>"; };
		BAA6518996A03C9CC4EC835A /* HandshakeHandler.swift */ = {isa = PBXFileReference; fileEncoding = 4; lastKnownFileType = sourcecode.swift; name = HandshakeHandler.swift; path = Core/Handlers/HandshakeHandler.swift; sourceTree = "<group>"; };
		BAA652D57778F646D5B89456 /* ServerError.swift */ = {isa = PBXFileReference; fileEncoding = 4; lastKnownFileType = sourcecode.swift; path = ServerError.swift; sourceTree = "<group>"; };
		BAA656056C88B711AF0DEF3D /* EchoHandler.swift */ = {isa = PBXFileReference; fileEncoding = 4; lastKnownFileType = sourcecode.swift; name = EchoHandler.swift; path = Core/Handlers/EchoHandler.swift; sourceTree = "<group>"; };
		BAA65A0514737847E8CF46CE /* LabelDispatch.swift */ = {isa = PBXFileReference; fileEncoding = 4; lastKnownFileType = sourcecode.swift; path = LabelDispatch.swift; sourceTree = "<group>"; };
		BAA65C5E1BA4C7725539AA4C /* Handler.swift */ = {isa = PBXFileReference; fileEncoding = 4; lastKnownFileType = sourcecode.swift; name = Handler.swift; path = Core/Handler.swift; sourceTree = "<group>"; };
		BAA65E3C545EFB5B64696CD3 /* Time.swift */ = {isa = PBXFileReference; fileEncoding = 4; lastKnownFileType = sourcecode.swift; path = Time.swift; sourceTree = "<group>"; };
		BAA65FC02A5E7BAE6A7B8C5E /* Probe.swift */ = {isa = PBXFileReference; fileEncoding = 4; lastKnownFileType = sourcecode.swift; name = Probe.swift; path = Core/Probe.swift; sourceTree = "<group>"; };
		"CryptoSwift::CryptoSwift::Product" /* CryptoSwift.framework */ = {isa = PBXFileReference; explicitFileType = wrapper.framework; path = CryptoSwift.framework; sourceTree = BUILT_PRODUCTS_DIR; };
		OBJ_100 /* SHA2.swift */ = {isa = PBXFileReference; lastKnownFileType = sourcecode.swift; path = SHA2.swift; sourceTree = "<group>"; };
		OBJ_101 /* SHA3.swift */ = {isa = PBXFileReference; lastKnownFileType = sourcecode.swift; path = SHA3.swift; sourceTree = "<group>"; };
		OBJ_102 /* SecureBytes.swift */ = {isa = PBXFileReference; lastKnownFileType = sourcecode.swift; path = SecureBytes.swift; sourceTree = "<group>"; };
		OBJ_103 /* String+Extension.swift */ = {isa = PBXFileReference; lastKnownFileType = sourcecode.swift; path = "String+Extension.swift"; sourceTree = "<group>"; };
		OBJ_104 /* UInt128.swift */ = {isa = PBXFileReference; lastKnownFileType = sourcecode.swift; path = UInt128.swift; sourceTree = "<group>"; };
		OBJ_105 /* UInt16+Extension.swift */ = {isa = PBXFileReference; lastKnownFileType = sourcecode.swift; path = "UInt16+Extension.swift"; sourceTree = "<group>"; };
		OBJ_106 /* UInt32+Extension.swift */ = {isa = PBXFileReference; lastKnownFileType = sourcecode.swift; path = "UInt32+Extension.swift"; sourceTree = "<group>"; };
		OBJ_107 /* UInt64+Extension.swift */ = {isa = PBXFileReference; lastKnownFileType = sourcecode.swift; path = "UInt64+Extension.swift"; sourceTree = "<group>"; };
		OBJ_108 /* UInt8+Extension.swift */ = {isa = PBXFileReference; lastKnownFileType = sourcecode.swift; path = "UInt8+Extension.swift"; sourceTree = "<group>"; };
		OBJ_109 /* Updatable.swift */ = {isa = PBXFileReference; lastKnownFileType = sourcecode.swift; path = Updatable.swift; sourceTree = "<group>"; };
		OBJ_110 /* Utils.swift */ = {isa = PBXFileReference; lastKnownFileType = sourcecode.swift; path = Utils.swift; sourceTree = "<group>"; };
		OBJ_111 /* ZeroPadding.swift */ = {isa = PBXFileReference; lastKnownFileType = sourcecode.swift; path = ZeroPadding.swift; sourceTree = "<group>"; };
		OBJ_112 /* Package.swift */ = {isa = PBXFileReference; explicitFileType = sourcecode.swift; name = Package.swift; path = "/Users/jeremy/Desktop/projects/TrackIT/TrackITServer/.build/checkouts/CryptoSwift--5560562967812595289/Package.swift"; sourceTree = "<group>"; };
		OBJ_115 /* Socket.swift */ = {isa = PBXFileReference; lastKnownFileType = sourcecode.swift; path = Socket.swift; sourceTree = "<group>"; };
		OBJ_116 /* SocketProtocols.swift */ = {isa = PBXFileReference; lastKnownFileType = sourcecode.swift; path = SocketProtocols.swift; sourceTree = "<group>"; };
		OBJ_117 /* SocketUtils.swift */ = {isa = PBXFileReference; lastKnownFileType = sourcecode.swift; path = SocketUtils.swift; sourceTree = "<group>"; };
		OBJ_118 /* Package.swift */ = {isa = PBXFileReference; explicitFileType = sourcecode.swift; name = Package.swift; path = "/Users/jeremy/Desktop/projects/TrackIT/TrackITServer/.build/checkouts/BlueSocket.git-3162807777605905816/Package.swift"; sourceTree = "<group>"; };
		OBJ_12 /* Config.swift */ = {isa = PBXFileReference; lastKnownFileType = sourcecode.swift; path = Config.swift; sourceTree = "<group>"; };
		OBJ_122 /* Atomic.swift */ = {isa = PBXFileReference; lastKnownFileType = sourcecode.swift; path = Atomic.swift; sourceTree = "<group>"; };
		OBJ_123 /* ThreadedArray.swift */ = {isa = PBXFileReference; lastKnownFileType = sourcecode.swift; path = ThreadedArray.swift; sourceTree = "<group>"; };
		OBJ_124 /* ThreadedDictionary.swift */ = {isa = PBXFileReference; lastKnownFileType = sourcecode.swift; path = ThreadedDictionary.swift; sourceTree = "<group>"; };
		OBJ_125 /* ThreadedQueue.swift */ = {isa = PBXFileReference; lastKnownFileType = sourcecode.swift; path = ThreadedQueue.swift; sourceTree = "<group>"; };
		OBJ_127 /* LabelDispatch.swift */ = {isa = PBXFileReference; lastKnownFileType = sourcecode.swift; path = LabelDispatch.swift; sourceTree = "<group>"; };
		OBJ_128 /* LinkedQueue.swift */ = {isa = PBXFileReference; lastKnownFileType = sourcecode.swift; path = LinkedQueue.swift; sourceTree = "<group>"; };
		OBJ_129 /* ThreadedCollection.swift */ = {isa = PBXFileReference; lastKnownFileType = sourcecode.swift; path = ThreadedCollection.swift; sourceTree = "<group>"; };
		OBJ_13 /* Log.swift */ = {isa = PBXFileReference; lastKnownFileType = sourcecode.swift; path = Log.swift; sourceTree = "<group>"; };
		OBJ_130 /* ThreadedObject.swift */ = {isa = PBXFileReference; lastKnownFileType = sourcecode.swift; path = ThreadedObject.swift; sourceTree = "<group>"; };
		OBJ_131 /* ThreadingType.swift */ = {isa = PBXFileReference; lastKnownFileType = sourcecode.swift; path = ThreadingType.swift; sourceTree = "<group>"; };
		OBJ_132 /* Package.swift */ = {isa = PBXFileReference; explicitFileType = sourcecode.swift; name = Package.swift; path = "/Users/jeremy/Desktop/projects/TrackIT/TrackITServer/.build/checkouts/Threading.git--7149437753515373767/Package.swift"; sourceTree = "<group>"; };
		OBJ_14 /* main.swift */ = {isa = PBXFileReference; lastKnownFileType = sourcecode.swift; path = main.swift; sourceTree = "<group>"; };
		OBJ_17 /* FlagComplex.swift */ = {isa = PBXFileReference; lastKnownFileType = sourcecode.swift; path = FlagComplex.swift; sourceTree = "<group>"; };
		OBJ_18 /* FlagSet.swift */ = {isa = PBXFileReference; lastKnownFileType = sourcecode.swift; path = FlagSet.swift; sourceTree = "<group>"; };
		OBJ_19 /* IFAddress.swift */ = {isa = PBXFileReference; lastKnownFileType = sourcecode.swift; path = IFAddress.swift; sourceTree = "<group>"; };
		OBJ_20 /* LabelDispatch.swift */ = {isa = PBXFileReference; lastKnownFileType = sourcecode.swift; path = LabelDispatch.swift; sourceTree = "<group>"; };
		OBJ_21 /* MessageFlags.swift */ = {isa = PBXFileReference; lastKnownFileType = sourcecode.swift; path = MessageFlags.swift; sourceTree = "<group>"; };
		OBJ_22 /* NetworkError.swift */ = {isa = PBXFileReference; lastKnownFileType = sourcecode.swift; path = NetworkError.swift; sourceTree = "<group>"; };
		OBJ_23 /* NetworkErrorEvent.swift */ = {isa = PBXFileReference; lastKnownFileType = sourcecode.swift; path = NetworkErrorEvent.swift; sourceTree = "<group>"; };
		OBJ_25 /* Cryptographer.swift */ = {isa = PBXFileReference; lastKnownFileType = sourcecode.swift; path = Cryptographer.swift; sourceTree = "<group>"; };
		OBJ_26 /* Message.swift */ = {isa = PBXFileReference; lastKnownFileType = sourcecode.swift; path = Message.swift; sourceTree = "<group>"; };
		OBJ_28 /* Address.swift */ = {isa = PBXFileReference; lastKnownFileType = sourcecode.swift; path = Address.swift; sourceTree = "<group>"; };
		OBJ_29 /* UDPSocket.swift */ = {isa = PBXFileReference; lastKnownFileType = sourcecode.swift; path = UDPSocket.swift; sourceTree = "<group>"; };
		OBJ_30 /* NetworkHost.swift */ = {isa = PBXFileReference; lastKnownFileType = sourcecode.swift; path = NetworkHost.swift; sourceTree = "<group>"; };
		OBJ_31 /* NetworkInterface.swift */ = {isa = PBXFileReference; lastKnownFileType = sourcecode.swift; path = NetworkInterface.swift; sourceTree = "<group>"; };
		OBJ_34 /* NetConnectTests.swift */ = {isa = PBXFileReference; lastKnownFileType = sourcecode.swift; path = NetConnectTests.swift; sourceTree = "<group>"; };
		OBJ_35 /* XCTestManifests.swift */ = {isa = PBXFileReference; lastKnownFileType = sourcecode.swift; path = XCTestManifests.swift; sourceTree = "<group>"; };
		OBJ_40 /* AEAD.swift */ = {isa = PBXFileReference; lastKnownFileType = sourcecode.swift; path = AEAD.swift; sourceTree = "<group>"; };
		OBJ_41 /* AEADChaCha20Poly1305.swift */ = {isa = PBXFileReference; lastKnownFileType = sourcecode.swift; path = AEADChaCha20Poly1305.swift; sourceTree = "<group>"; };
		OBJ_42 /* AES.Cryptors.swift */ = {isa = PBXFileReference; lastKnownFileType = sourcecode.swift; path = AES.Cryptors.swift; sourceTree = "<group>"; };
		OBJ_43 /* AES.swift */ = {isa = PBXFileReference; lastKnownFileType = sourcecode.swift; path = AES.swift; sourceTree = "<group>"; };
		OBJ_44 /* Array+Extension.swift */ = {isa = PBXFileReference; lastKnownFileType = sourcecode.swift; path = "Array+Extension.swift"; sourceTree = "<group>"; };
		OBJ_45 /* Authenticator.swift */ = {isa = PBXFileReference; lastKnownFileType = sourcecode.swift; path = Authenticator.swift; sourceTree = "<group>"; };
		OBJ_46 /* BatchedCollection.swift */ = {isa = PBXFileReference; lastKnownFileType = sourcecode.swift; path = BatchedCollection.swift; sourceTree = "<group>"; };
		OBJ_47 /* Bit.swift */ = {isa = PBXFileReference; lastKnownFileType = sourcecode.swift; path = Bit.swift; sourceTree = "<group>"; };
		OBJ_48 /* BlockCipher.swift */ = {isa = PBXFileReference; lastKnownFileType = sourcecode.swift; path = BlockCipher.swift; sourceTree = "<group>"; };
		OBJ_50 /* BlockMode.swift */ = {isa = PBXFileReference; lastKnownFileType = sourcecode.swift; path = BlockMode.swift; sourceTree = "<group>"; };
		OBJ_51 /* BlockModeOptions.swift */ = {isa = PBXFileReference; lastKnownFileType = sourcecode.swift; path = BlockModeOptions.swift; sourceTree = "<group>"; };
		OBJ_52 /* BlockModeWorker.swift */ = {isa = PBXFileReference; lastKnownFileType = sourcecode.swift; path = BlockModeWorker.swift; sourceTree = "<group>"; };
		OBJ_53 /* CBC.swift */ = {isa = PBXFileReference; lastKnownFileType = sourcecode.swift; path = CBC.swift; sourceTree = "<group>"; };
		OBJ_54 /* CFB.swift */ = {isa = PBXFileReference; lastKnownFileType = sourcecode.swift; path = CFB.swift; sourceTree = "<group>"; };
		OBJ_55 /* CTR.swift */ = {isa = PBXFileReference; lastKnownFileType = sourcecode.swift; path = CTR.swift; sourceTree = "<group>"; };
		OBJ_56 /* ECB.swift */ = {isa = PBXFileReference; lastKnownFileType = sourcecode.swift; path = ECB.swift; sourceTree = "<group>"; };
		OBJ_57 /* GCM.swift */ = {isa = PBXFileReference; lastKnownFileType = sourcecode.swift; path = GCM.swift; sourceTree = "<group>"; };
		OBJ_58 /* OFB.swift */ = {isa = PBXFileReference; lastKnownFileType = sourcecode.swift; path = OFB.swift; sourceTree = "<group>"; };
		OBJ_59 /* PCBC.swift */ = {isa = PBXFileReference; lastKnownFileType = sourcecode.swift; path = PCBC.swift; sourceTree = "<group>"; };
		OBJ_6 /* Package.swift */ = {isa = PBXFileReference; explicitFileType = sourcecode.swift; path = Package.swift; sourceTree = "<group>"; };
		OBJ_60 /* RandomAccessBlockModeWorker.swift */ = {isa = PBXFileReference; lastKnownFileType = sourcecode.swift; path = RandomAccessBlockModeWorker.swift; sourceTree = "<group>"; };
		OBJ_61 /* Blowfish.swift */ = {isa = PBXFileReference; lastKnownFileType = sourcecode.swift; path = Blowfish.swift; sourceTree = "<group>"; };
		OBJ_62 /* CMAC.swift */ = {isa = PBXFileReference; lastKnownFileType = sourcecode.swift; path = CMAC.swift; sourceTree = "<group>"; };
		OBJ_63 /* ChaCha20.swift */ = {isa = PBXFileReference; lastKnownFileType = sourcecode.swift; path = ChaCha20.swift; sourceTree = "<group>"; };
		OBJ_64 /* Checksum.swift */ = {isa = PBXFileReference; lastKnownFileType = sourcecode.swift; path = Checksum.swift; sourceTree = "<group>"; };
		OBJ_65 /* Cipher.swift */ = {isa = PBXFileReference; lastKnownFileType = sourcecode.swift; path = Cipher.swift; sourceTree = "<group>"; };
		OBJ_66 /* Collection+Extension.swift */ = {isa = PBXFileReference; lastKnownFileType = sourcecode.swift; path = "Collection+Extension.swift"; sourceTree = "<group>"; };
		OBJ_67 /* CompactMap.swift */ = {isa = PBXFileReference; lastKnownFileType = sourcecode.swift; path = CompactMap.swift; sourceTree = "<group>"; };
		OBJ_68 /* Cryptors.swift */ = {isa = PBXFileReference; lastKnownFileType = sourcecode.swift; path = Cryptors.swift; sourceTree = "<group>"; };
		OBJ_69 /* Digest.swift */ = {isa = PBXFileReference; lastKnownFileType = sourcecode.swift; path = Digest.swift; sourceTree = "<group>"; };
		OBJ_70 /* DigestType.swift */ = {isa = PBXFileReference; lastKnownFileType = sourcecode.swift; path = DigestType.swift; sourceTree = "<group>"; };
		OBJ_72 /* AES+Foundation.swift */ = {isa = PBXFileReference; lastKnownFileType = sourcecode.swift; path = "AES+Foundation.swift"; sourceTree = "<group>"; };
		OBJ_73 /* Array+Foundation.swift */ = {isa = PBXFileReference; lastKnownFileType = sourcecode.swift; path = "Array+Foundation.swift"; sourceTree = "<group>"; };
		OBJ_74 /* Blowfish+Foundation.swift */ = {isa = PBXFileReference; lastKnownFileType = sourcecode.swift; path = "Blowfish+Foundation.swift"; sourceTree = "<group>"; };
		OBJ_75 /* ChaCha20+Foundation.swift */ = {isa = PBXFileReference; lastKnownFileType = sourcecode.swift; path = "ChaCha20+Foundation.swift"; sourceTree = "<group>"; };
		OBJ_76 /* Data+Extension.swift */ = {isa = PBXFileReference; lastKnownFileType = sourcecode.swift; path = "Data+Extension.swift"; sourceTree = "<group>"; };
		OBJ_77 /* HMAC+Foundation.swift */ = {isa = PBXFileReference; lastKnownFileType = sourcecode.swift; path = "HMAC+Foundation.swift"; sourceTree = "<group>"; };
		OBJ_78 /* Rabbit+Foundation.swift */ = {isa = PBXFileReference; lastKnownFileType = sourcecode.swift; path = "Rabbit+Foundation.swift"; sourceTree = "<group>"; };
		OBJ_79 /* String+FoundationExtension.swift */ = {isa = PBXFileReference; lastKnownFileType = sourcecode.swift; path = "String+FoundationExtension.swift"; sourceTree = "<group>"; };
		OBJ_80 /* Utils+Foundation.swift */ = {isa = PBXFileReference; lastKnownFileType = sourcecode.swift; path = "Utils+Foundation.swift"; sourceTree = "<group>"; };
		OBJ_81 /* Generics.swift */ = {isa = PBXFileReference; lastKnownFileType = sourcecode.swift; path = Generics.swift; sourceTree = "<group>"; };
		OBJ_82 /* HKDF.swift */ = {isa = PBXFileReference; lastKnownFileType = sourcecode.swift; path = HKDF.swift; sourceTree = "<group>"; };
		OBJ_83 /* HMAC.swift */ = {isa = PBXFileReference; lastKnownFileType = sourcecode.swift; path = HMAC.swift; sourceTree = "<group>"; };
		OBJ_84 /* Int+Extension.swift */ = {isa = PBXFileReference; lastKnownFileType = sourcecode.swift; path = "Int+Extension.swift"; sourceTree = "<group>"; };
		OBJ_85 /* MD5.swift */ = {isa = PBXFileReference; lastKnownFileType = sourcecode.swift; path = MD5.swift; sourceTree = "<group>"; };
		OBJ_86 /* NoPadding.swift */ = {isa = PBXFileReference; lastKnownFileType = sourcecode.swift; path = NoPadding.swift; sourceTree = "<group>"; };
		OBJ_87 /* Operators.swift */ = {isa = PBXFileReference; lastKnownFileType = sourcecode.swift; path = Operators.swift; sourceTree = "<group>"; };
		OBJ_89 /* PBKDF1.swift */ = {isa = PBXFileReference; lastKnownFileType = sourcecode.swift; path = PBKDF1.swift; sourceTree = "<group>"; };
		OBJ_9 /* SwiftyJSON.swift */ = {isa = PBXFileReference; lastKnownFileType = sourcecode.swift; path = SwiftyJSON.swift; sourceTree = "<group>"; };
		OBJ_90 /* PBKDF2.swift */ = {isa = PBXFileReference; lastKnownFileType = sourcecode.swift; path = PBKDF2.swift; sourceTree = "<group>"; };
		OBJ_91 /* PKCS5.swift */ = {isa = PBXFileReference; lastKnownFileType = sourcecode.swift; path = PKCS5.swift; sourceTree = "<group>"; };
		OBJ_92 /* PKCS7.swift */ = {isa = PBXFileReference; lastKnownFileType = sourcecode.swift; path = PKCS7.swift; sourceTree = "<group>"; };
		OBJ_93 /* PKCS7Padding.swift */ = {isa = PBXFileReference; lastKnownFileType = sourcecode.swift; path = PKCS7Padding.swift; sourceTree = "<group>"; };
		OBJ_94 /* Padding.swift */ = {isa = PBXFileReference; lastKnownFileType = sourcecode.swift; path = Padding.swift; sourceTree = "<group>"; };
		OBJ_95 /* Poly1305.swift */ = {isa = PBXFileReference; lastKnownFileType = sourcecode.swift; path = Poly1305.swift; sourceTree = "<group>"; };
		OBJ_96 /* Rabbit.swift */ = {isa = PBXFileReference; lastKnownFileType = sourcecode.swift; path = Rabbit.swift; sourceTree = "<group>"; };
		OBJ_97 /* RandomAccessCryptor.swift */ = {isa = PBXFileReference; lastKnownFileType = sourcecode.swift; path = RandomAccessCryptor.swift; sourceTree = "<group>"; };
		OBJ_98 /* RandomBytesSequence.swift */ = {isa = PBXFileReference; lastKnownFileType = sourcecode.swift; path = RandomBytesSequence.swift; sourceTree = "<group>"; };
		OBJ_99 /* SHA1.swift */ = {isa = PBXFileReference; lastKnownFileType = sourcecode.swift; path = SHA1.swift; sourceTree = "<group>"; };
		"Server::NetConnect::Product" /* NetConnect.framework */ = {isa = PBXFileReference; explicitFileType = wrapper.framework; path = NetConnect.framework; sourceTree = BUILT_PRODUCTS_DIR; };
		"Server::NetConnectTests::Product" /* NetConnectTests.xctest */ = {isa = PBXFileReference; lastKnownFileType = file; path = NetConnectTests.xctest; sourceTree = BUILT_PRODUCTS_DIR; };
		"Server::Server::Product" /* Server */ = {isa = PBXFileReference; lastKnownFileType = text; path = Server; sourceTree = BUILT_PRODUCTS_DIR; };
		"Server::SwiftyJSON::Product" /* SwiftyJSON.framework */ = {isa = PBXFileReference; explicitFileType = wrapper.framework; path = SwiftyJSON.framework; sourceTree = BUILT_PRODUCTS_DIR; };
		"Socket::Socket::Product" /* Socket.framework */ = {isa = PBXFileReference; explicitFileType = wrapper.framework; path = Socket.framework; sourceTree = BUILT_PRODUCTS_DIR; };
		"Threading::Threading::Product" /* Threading.framework */ = {isa = PBXFileReference; explicitFileType = wrapper.framework; path = Threading.framework; sourceTree = BUILT_PRODUCTS_DIR; };
/* End PBXFileReference section */

/* Begin PBXFrameworksBuildPhase section */
		OBJ_215 /* Frameworks */ = {
			isa = PBXFrameworksBuildPhase;
			buildActionMask = 0;
			files = (
			);
			runOnlyForDeploymentPostprocessing = 0;
		};
		OBJ_240 /* Frameworks */ = {
			isa = PBXFrameworksBuildPhase;
			buildActionMask = 0;
			files = (
				OBJ_241 /* CryptoSwift.framework in Frameworks */,
				OBJ_242 /* Socket.framework in Frameworks */,
				OBJ_243 /* SwiftyJSON.framework in Frameworks */,
			);
			runOnlyForDeploymentPostprocessing = 0;
		};
		OBJ_256 /* Frameworks */ = {
			isa = PBXFrameworksBuildPhase;
			buildActionMask = 0;
			files = (
				OBJ_257 /* NetConnect.framework in Frameworks */,
				OBJ_258 /* CryptoSwift.framework in Frameworks */,
				OBJ_259 /* Socket.framework in Frameworks */,
				OBJ_260 /* SwiftyJSON.framework in Frameworks */,
			);
			runOnlyForDeploymentPostprocessing = 0;
		};
		OBJ_273 /* Frameworks */ = {
			isa = PBXFrameworksBuildPhase;
			buildActionMask = 0;
			files = (
				OBJ_274 /* Threading.framework in Frameworks */,
				OBJ_275 /* NetConnect.framework in Frameworks */,
				OBJ_276 /* CryptoSwift.framework in Frameworks */,
				OBJ_277 /* Socket.framework in Frameworks */,
				OBJ_278 /* SwiftyJSON.framework in Frameworks */,
			);
			runOnlyForDeploymentPostprocessing = 0;
		};
		OBJ_303 /* Frameworks */ = {
			isa = PBXFrameworksBuildPhase;
			buildActionMask = 0;
			files = (
			);
			runOnlyForDeploymentPostprocessing = 0;
		};
		OBJ_315 /* Frameworks */ = {
			isa = PBXFrameworksBuildPhase;
			buildActionMask = 0;
			files = (
			);
			runOnlyForDeploymentPostprocessing = 0;
		};
		OBJ_329 /* Frameworks */ = {
			isa = PBXFrameworksBuildPhase;
			buildActionMask = 0;
			files = (
			);
			runOnlyForDeploymentPostprocessing = 0;
		};
/* End PBXFrameworksBuildPhase section */

/* Begin PBXGroup section */
		3F44E28220F179380041E62D /* Tests */ = {
			isa = PBXGroup;
			children = (
				3F44E28320F179540041E62D /* TestManifest.swift */,
			);
			path = Tests;
			sourceTree = "<group>";
		};
		3F4B2AD120F179E800D8CD02 /* Workspace */ = {
			isa = PBXGroup;
			children = (
				3F4B2AD220F17A0E00D8CD02 /* srvconf.json */,
			);
			path = Workspace;
			sourceTree = "<group>";
		};
		BAA6536230F49B391ADC6F2E /* Handlers */ = {
			isa = PBXGroup;
			children = (
				BAA656056C88B711AF0DEF3D /* EchoHandler.swift */,
				BAA6518996A03C9CC4EC835A /* HandshakeHandler.swift */,
			);
			name = Handlers;
			sourceTree = "<group>";
		};
		BAA65939C0539EEFE8773048 /* Core */ = {
			isa = PBXGroup;
			children = (
				3F42897020F2BEA900F3B99A /* NetworkNode.swift */,
				3F42897220F2BEA900F3B99A /* NodePacket.swift */,
				3F42897120F2BEA900F3B99A /* Router.swift */,
				3F42897320F2BEA900F3B99A /* Server.swift */,
				BAA6536230F49B391ADC6F2E /* Handlers */,
				BAA65C5E1BA4C7725539AA4C /* Handler.swift */,
				BAA65FC02A5E7BAE6A7B8C5E /* Probe.swift */,
			);
			name = Core;
			sourceTree = "<group>";
		};
		BAA65B95DE24F2361112DD26 /* Protocols */ = {
			isa = PBXGroup;
			children = (
				3F42896A20F2BE7400F3B99A /* NodeDelegate.swift */,
			);
			name = Protocols;
			sourceTree = "<group>";
		};
		BAA65DBB6A81EC0A0430C88E /* Delegates */ = {
			isa = PBXGroup;
			children = (
				3F42896D20F2BE8900F3B99A /* InboundDelegate.swift */,
				3F42896C20F2BE8900F3B99A /* OutboundDelegate.swift */,
			);
			name = Delegates;
			sourceTree = "<group>";
		};
		OBJ_10 /* Server */ = {
			isa = PBXGroup;
			children = (
				3F4B2AD120F179E800D8CD02 /* Workspace */,
				3F44E28220F179380041E62D /* Tests */,
				OBJ_11 /* Foundation */,
				OBJ_14 /* main.swift */,
				BAA65B95DE24F2361112DD26 /* Protocols */,
				BAA65DBB6A81EC0A0430C88E /* Delegates */,
				BAA65939C0539EEFE8773048 /* Core */,
			);
			name = Server;
			path = Sources/Server;
			sourceTree = SOURCE_ROOT;
		};
		OBJ_11 /* Foundation */ = {
			isa = PBXGroup;
			children = (
				OBJ_12 /* Config.swift */,
				OBJ_13 /* Log.swift */,
				BAA652D57778F646D5B89456 /* ServerError.swift */,
				BAA65A0514737847E8CF46CE /* LabelDispatch.swift */,
				BAA65E3C545EFB5B64696CD3 /* Time.swift */,
			);
			path = Foundation;
			sourceTree = "<group>";
		};
		OBJ_113 /* Socket 1.0.8 */ = {
			isa = PBXGroup;
			children = (
				OBJ_114 /* Socket */,
				OBJ_118 /* Package.swift */,
			);
			name = "Socket 1.0.8";
			sourceTree = SOURCE_ROOT;
		};
		OBJ_114 /* Socket */ = {
			isa = PBXGroup;
			children = (
				OBJ_115 /* Socket.swift */,
				OBJ_116 /* SocketProtocols.swift */,
				OBJ_117 /* SocketUtils.swift */,
			);
			name = Socket;
			path = ".build/checkouts/BlueSocket.git-3162807777605905816/Sources/Socket";
			sourceTree = SOURCE_ROOT;
		};
		OBJ_119 /* Threading 1.0.0 */ = {
			isa = PBXGroup;
			children = (
				OBJ_120 /* Threading */,
				OBJ_132 /* Package.swift */,
			);
			name = "Threading 1.0.0";
			sourceTree = SOURCE_ROOT;
		};
		OBJ_120 /* Threading */ = {
			isa = PBXGroup;
			children = (
				OBJ_121 /* Collections */,
				OBJ_126 /* Components */,
			);
			name = Threading;
			path = ".build/checkouts/Threading.git--7149437753515373767/Sources/Threading";
			sourceTree = SOURCE_ROOT;
		};
		OBJ_121 /* Collections */ = {
			isa = PBXGroup;
			children = (
				OBJ_122 /* Atomic.swift */,
				OBJ_123 /* ThreadedArray.swift */,
				OBJ_124 /* ThreadedDictionary.swift */,
				OBJ_125 /* ThreadedQueue.swift */,
			);
			path = Collections;
			sourceTree = "<group>";
		};
		OBJ_126 /* Components */ = {
			isa = PBXGroup;
			children = (
				OBJ_127 /* LabelDispatch.swift */,
				OBJ_128 /* LinkedQueue.swift */,
				OBJ_129 /* ThreadedCollection.swift */,
				OBJ_130 /* ThreadedObject.swift */,
				OBJ_131 /* ThreadingType.swift */,
			);
			path = Components;
			sourceTree = "<group>";
		};
		OBJ_133 /* Products */ = {
			isa = PBXGroup;
			children = (
				"Socket::Socket::Product" /* Socket.framework */,
				"Threading::Threading::Product" /* Threading.framework */,
				"CryptoSwift::CryptoSwift::Product" /* CryptoSwift.framework */,
				"Server::SwiftyJSON::Product" /* SwiftyJSON.framework */,
				"Server::NetConnectTests::Product" /* NetConnectTests.xctest */,
				"Server::NetConnect::Product" /* NetConnect.framework */,
				"Server::Server::Product" /* Server */,
			);
			name = Products;
			sourceTree = BUILT_PRODUCTS_DIR;
		};
		OBJ_15 /* NetConnect */ = {
			isa = PBXGroup;
			children = (
				OBJ_16 /* Components */,
				OBJ_24 /* Delegates */,
				OBJ_26 /* Message.swift */,
				OBJ_27 /* Network Base */,
				OBJ_30 /* NetworkHost.swift */,
				OBJ_31 /* NetworkInterface.swift */,
			);
			name = NetConnect;
			path = Sources/NetConnect;
			sourceTree = SOURCE_ROOT;
		};
		OBJ_16 /* Components */ = {
			isa = PBXGroup;
			children = (
				OBJ_17 /* FlagComplex.swift */,
				OBJ_18 /* FlagSet.swift */,
				OBJ_19 /* IFAddress.swift */,
				OBJ_20 /* LabelDispatch.swift */,
				OBJ_21 /* MessageFlags.swift */,
				OBJ_22 /* NetworkError.swift */,
				OBJ_23 /* NetworkErrorEvent.swift */,
			);
			path = Components;
			sourceTree = "<group>";
		};
		OBJ_24 /* Delegates */ = {
			isa = PBXGroup;
			children = (
				OBJ_25 /* Cryptographer.swift */,
			);
			path = Delegates;
			sourceTree = "<group>";
		};
		OBJ_27 /* Network Base */ = {
			isa = PBXGroup;
			children = (
				OBJ_28 /* Address.swift */,
				OBJ_29 /* UDPSocket.swift */,
			);
			path = "Network Base";
			sourceTree = "<group>";
		};
		OBJ_32 /* Tests */ = {
			isa = PBXGroup;
			children = (
				OBJ_33 /* NetConnectTests */,
			);
			name = Tests;
			sourceTree = SOURCE_ROOT;
		};
		OBJ_33 /* NetConnectTests */ = {
			isa = PBXGroup;
			children = (
				OBJ_34 /* NetConnectTests.swift */,
				OBJ_35 /* XCTestManifests.swift */,
			);
			name = NetConnectTests;
			path = Tests/NetConnectTests;
			sourceTree = SOURCE_ROOT;
		};
		OBJ_36 /* Dependencies */ = {
			isa = PBXGroup;
			children = (
				OBJ_37 /* CryptoSwift 0.10.0 */,
				OBJ_113 /* Socket 1.0.8 */,
				OBJ_119 /* Threading 1.0.0 */,
			);
			name = Dependencies;
			sourceTree = "<group>";
		};
		OBJ_37 /* CryptoSwift 0.10.0 */ = {
			isa = PBXGroup;
			children = (
				OBJ_38 /* CryptoSwift */,
				OBJ_112 /* Package.swift */,
			);
			name = "CryptoSwift 0.10.0";
			sourceTree = SOURCE_ROOT;
		};
		OBJ_38 /* CryptoSwift */ = {
			isa = PBXGroup;
			children = (
				OBJ_39 /* AEAD */,
				OBJ_42 /* AES.Cryptors.swift */,
				OBJ_43 /* AES.swift */,
				OBJ_44 /* Array+Extension.swift */,
				OBJ_45 /* Authenticator.swift */,
				OBJ_46 /* BatchedCollection.swift */,
				OBJ_47 /* Bit.swift */,
				OBJ_48 /* BlockCipher.swift */,
				OBJ_49 /* BlockMode */,
				OBJ_61 /* Blowfish.swift */,
				OBJ_62 /* CMAC.swift */,
				OBJ_63 /* ChaCha20.swift */,
				OBJ_64 /* Checksum.swift */,
				OBJ_65 /* Cipher.swift */,
				OBJ_66 /* Collection+Extension.swift */,
				OBJ_67 /* CompactMap.swift */,
				OBJ_68 /* Cryptors.swift */,
				OBJ_69 /* Digest.swift */,
				OBJ_70 /* DigestType.swift */,
				OBJ_71 /* Foundation */,
				OBJ_81 /* Generics.swift */,
				OBJ_82 /* HKDF.swift */,
				OBJ_83 /* HMAC.swift */,
				OBJ_84 /* Int+Extension.swift */,
				OBJ_85 /* MD5.swift */,
				OBJ_86 /* NoPadding.swift */,
				OBJ_87 /* Operators.swift */,
				OBJ_88 /* PKCS */,
				OBJ_94 /* Padding.swift */,
				OBJ_95 /* Poly1305.swift */,
				OBJ_96 /* Rabbit.swift */,
				OBJ_97 /* RandomAccessCryptor.swift */,
				OBJ_98 /* RandomBytesSequence.swift */,
				OBJ_99 /* SHA1.swift */,
				OBJ_100 /* SHA2.swift */,
				OBJ_101 /* SHA3.swift */,
				OBJ_102 /* SecureBytes.swift */,
				OBJ_103 /* String+Extension.swift */,
				OBJ_104 /* UInt128.swift */,
				OBJ_105 /* UInt16+Extension.swift */,
				OBJ_106 /* UInt32+Extension.swift */,
				OBJ_107 /* UInt64+Extension.swift */,
				OBJ_108 /* UInt8+Extension.swift */,
				OBJ_109 /* Updatable.swift */,
				OBJ_110 /* Utils.swift */,
				OBJ_111 /* ZeroPadding.swift */,
			);
			name = CryptoSwift;
			path = ".build/checkouts/CryptoSwift--5560562967812595289/Sources/CryptoSwift";
			sourceTree = SOURCE_ROOT;
		};
		OBJ_39 /* AEAD */ = {
			isa = PBXGroup;
			children = (
				OBJ_40 /* AEAD.swift */,
				OBJ_41 /* AEADChaCha20Poly1305.swift */,
			);
			path = AEAD;
			sourceTree = "<group>";
		};
		OBJ_49 /* BlockMode */ = {
			isa = PBXGroup;
			children = (
				OBJ_50 /* BlockMode.swift */,
				OBJ_51 /* BlockModeOptions.swift */,
				OBJ_52 /* BlockModeWorker.swift */,
				OBJ_53 /* CBC.swift */,
				OBJ_54 /* CFB.swift */,
				OBJ_55 /* CTR.swift */,
				OBJ_56 /* ECB.swift */,
				OBJ_57 /* GCM.swift */,
				OBJ_58 /* OFB.swift */,
				OBJ_59 /* PCBC.swift */,
				OBJ_60 /* RandomAccessBlockModeWorker.swift */,
			);
			path = BlockMode;
			sourceTree = "<group>";
		};
		OBJ_5 = {
			isa = PBXGroup;
			children = (
				OBJ_6 /* Package.swift */,
				OBJ_7 /* Sources */,
				OBJ_32 /* Tests */,
				OBJ_36 /* Dependencies */,
				OBJ_133 /* Products */,
			);
			sourceTree = "<group>";
		};
		OBJ_7 /* Sources */ = {
			isa = PBXGroup;
			children = (
				OBJ_8 /* SwiftyJSON */,
				OBJ_10 /* Server */,
				OBJ_15 /* NetConnect */,
			);
			name = Sources;
			sourceTree = SOURCE_ROOT;
		};
		OBJ_71 /* Foundation */ = {
			isa = PBXGroup;
			children = (
				OBJ_72 /* AES+Foundation.swift */,
				OBJ_73 /* Array+Foundation.swift */,
				OBJ_74 /* Blowfish+Foundation.swift */,
				OBJ_75 /* ChaCha20+Foundation.swift */,
				OBJ_76 /* Data+Extension.swift */,
				OBJ_77 /* HMAC+Foundation.swift */,
				OBJ_78 /* Rabbit+Foundation.swift */,
				OBJ_79 /* String+FoundationExtension.swift */,
				OBJ_80 /* Utils+Foundation.swift */,
			);
			path = Foundation;
			sourceTree = "<group>";
		};
		OBJ_8 /* SwiftyJSON */ = {
			isa = PBXGroup;
			children = (
				OBJ_9 /* SwiftyJSON.swift */,
			);
			name = SwiftyJSON;
			path = Sources/SwiftyJSON;
			sourceTree = SOURCE_ROOT;
		};
		OBJ_88 /* PKCS */ = {
			isa = PBXGroup;
			children = (
				OBJ_89 /* PBKDF1.swift */,
				OBJ_90 /* PBKDF2.swift */,
				OBJ_91 /* PKCS5.swift */,
				OBJ_92 /* PKCS7.swift */,
				OBJ_93 /* PKCS7Padding.swift */,
			);
			path = PKCS;
			sourceTree = "<group>";
		};
/* End PBXGroup section */

/* Begin PBXNativeTarget section */
		"CryptoSwift::CryptoSwift" /* CryptoSwift */ = {
			isa = PBXNativeTarget;
			buildConfigurationList = OBJ_142 /* Build configuration list for PBXNativeTarget "CryptoSwift" */;
			buildPhases = (
				OBJ_145 /* Sources */,
				OBJ_215 /* Frameworks */,
			);
			buildRules = (
			);
			dependencies = (
			);
			name = CryptoSwift;
			productName = CryptoSwift;
			productReference = "CryptoSwift::CryptoSwift::Product" /* CryptoSwift.framework */;
			productType = "com.apple.product-type.framework";
		};
		"CryptoSwift::SwiftPMPackageDescription" /* CryptoSwiftPackageDescription */ = {
			isa = PBXNativeTarget;
			buildConfigurationList = OBJ_217 /* Build configuration list for PBXNativeTarget "CryptoSwiftPackageDescription" */;
			buildPhases = (
				OBJ_220 /* Sources */,
			);
			buildRules = (
			);
			dependencies = (
			);
			name = CryptoSwiftPackageDescription;
			productName = CryptoSwiftPackageDescription;
			productType = "com.apple.product-type.framework";
		};
		"Server::NetConnect" /* NetConnect */ = {
			isa = PBXNativeTarget;
			buildConfigurationList = OBJ_223 /* Build configuration list for PBXNativeTarget "NetConnect" */;
			buildPhases = (
				OBJ_226 /* Sources */,
				OBJ_240 /* Frameworks */,
			);
			buildRules = (
			);
			dependencies = (
				OBJ_244 /* PBXTargetDependency */,
				OBJ_245 /* PBXTargetDependency */,
				OBJ_247 /* PBXTargetDependency */,
			);
			name = NetConnect;
			productName = NetConnect;
			productReference = "Server::NetConnect::Product" /* NetConnect.framework */;
			productType = "com.apple.product-type.framework";
		};
		"Server::NetConnectTests" /* NetConnectTests */ = {
			isa = PBXNativeTarget;
			buildConfigurationList = OBJ_250 /* Build configuration list for PBXNativeTarget "NetConnectTests" */;
			buildPhases = (
				OBJ_253 /* Sources */,
				OBJ_256 /* Frameworks */,
			);
			buildRules = (
			);
			dependencies = (
				OBJ_261 /* PBXTargetDependency */,
				OBJ_262 /* PBXTargetDependency */,
				OBJ_263 /* PBXTargetDependency */,
				OBJ_264 /* PBXTargetDependency */,
			);
			name = NetConnectTests;
			productName = NetConnectTests;
			productReference = "Server::NetConnectTests::Product" /* NetConnectTests.xctest */;
			productType = "com.apple.product-type.bundle.unit-test";
		};
		"Server::Server" /* Server */ = {
			isa = PBXNativeTarget;
			buildConfigurationList = OBJ_266 /* Build configuration list for PBXNativeTarget "Server" */;
			buildPhases = (
				OBJ_269 /* Sources */,
				OBJ_273 /* Frameworks */,
			);
			buildRules = (
			);
			dependencies = (
				OBJ_279 /* PBXTargetDependency */,
				OBJ_281 /* PBXTargetDependency */,
				OBJ_282 /* PBXTargetDependency */,
				OBJ_283 /* PBXTargetDependency */,
				OBJ_284 /* PBXTargetDependency */,
			);
			name = Server;
			productName = Server;
			productReference = "Server::Server::Product" /* Server */;
			productType = "com.apple.product-type.tool";
		};
		"Server::SwiftPMPackageDescription" /* ServerPackageDescription */ = {
			isa = PBXNativeTarget;
			buildConfigurationList = OBJ_286 /* Build configuration list for PBXNativeTarget "ServerPackageDescription" */;
			buildPhases = (
				OBJ_289 /* Sources */,
			);
			buildRules = (
			);
			dependencies = (
			);
			name = ServerPackageDescription;
			productName = ServerPackageDescription;
			productType = "com.apple.product-type.framework";
		};
		"Server::SwiftyJSON" /* SwiftyJSON */ = {
			isa = PBXNativeTarget;
			buildConfigurationList = OBJ_310 /* Build configuration list for PBXNativeTarget "SwiftyJSON" */;
			buildPhases = (
				OBJ_313 /* Sources */,
				OBJ_315 /* Frameworks */,
			);
			buildRules = (
			);
			dependencies = (
			);
			name = SwiftyJSON;
			productName = SwiftyJSON;
			productReference = "Server::SwiftyJSON::Product" /* SwiftyJSON.framework */;
			productType = "com.apple.product-type.framework";
		};
		"Socket::Socket" /* Socket */ = {
			isa = PBXNativeTarget;
			buildConfigurationList = OBJ_296 /* Build configuration list for PBXNativeTarget "Socket" */;
			buildPhases = (
				OBJ_299 /* Sources */,
				OBJ_303 /* Frameworks */,
			);
			buildRules = (
			);
			dependencies = (
			);
			name = Socket;
			productName = Socket;
			productReference = "Socket::Socket::Product" /* Socket.framework */;
			productType = "com.apple.product-type.framework";
		};
		"Socket::SwiftPMPackageDescription" /* SocketPackageDescription */ = {
			isa = PBXNativeTarget;
			buildConfigurationList = OBJ_305 /* Build configuration list for PBXNativeTarget "SocketPackageDescription" */;
			buildPhases = (
				OBJ_308 /* Sources */,
			);
			buildRules = (
			);
			dependencies = (
			);
			name = SocketPackageDescription;
			productName = SocketPackageDescription;
			productType = "com.apple.product-type.framework";
		};
		"Threading::SwiftPMPackageDescription" /* ThreadingPackageDescription */ = {
			isa = PBXNativeTarget;
			buildConfigurationList = OBJ_331 /* Build configuration list for PBXNativeTarget "ThreadingPackageDescription" */;
			buildPhases = (
				OBJ_334 /* Sources */,
			);
			buildRules = (
			);
			dependencies = (
			);
			name = ThreadingPackageDescription;
			productName = ThreadingPackageDescription;
			productType = "com.apple.product-type.framework";
		};
		"Threading::Threading" /* Threading */ = {
			isa = PBXNativeTarget;
			buildConfigurationList = OBJ_316 /* Build configuration list for PBXNativeTarget "Threading" */;
			buildPhases = (
				OBJ_319 /* Sources */,
				OBJ_329 /* Frameworks */,
			);
			buildRules = (
			);
			dependencies = (
			);
			name = Threading;
			productName = Threading;
			productReference = "Threading::Threading::Product" /* Threading.framework */;
			productType = "com.apple.product-type.framework";
		};
/* End PBXNativeTarget section */

/* Begin PBXProject section */
		OBJ_1 /* Project object */ = {
			isa = PBXProject;
			attributes = {
				LastUpgradeCheck = 9999;
			};
			buildConfigurationList = OBJ_2 /* Build configuration list for PBXProject "Server" */;
			compatibilityVersion = "Xcode 3.2";
			developmentRegion = English;
			hasScannedForEncodings = 0;
			knownRegions = (
				en,
			);
			mainGroup = OBJ_5;
			productRefGroup = OBJ_133 /* Products */;
			projectDirPath = "";
			projectRoot = "";
			targets = (
				"CryptoSwift::CryptoSwift" /* CryptoSwift */,
				"CryptoSwift::SwiftPMPackageDescription" /* CryptoSwiftPackageDescription */,
				"Server::NetConnect" /* NetConnect */,
				"Server::NetConnectTests" /* NetConnectTests */,
				"Server::Server" /* Server */,
				"Server::SwiftPMPackageDescription" /* ServerPackageDescription */,
				"Server::ServerPackageTests::ProductTarget" /* ServerPackageTests */,
				"Socket::Socket" /* Socket */,
				"Socket::SwiftPMPackageDescription" /* SocketPackageDescription */,
				"Server::SwiftyJSON" /* SwiftyJSON */,
				"Threading::Threading" /* Threading */,
				"Threading::SwiftPMPackageDescription" /* ThreadingPackageDescription */,
			);
		};
/* End PBXProject section */

/* Begin PBXSourcesBuildPhase section */
		OBJ_145 /* Sources */ = {
			isa = PBXSourcesBuildPhase;
			buildActionMask = 0;
			files = (
				OBJ_146 /* AEAD.swift in Sources */,
				OBJ_147 /* AEADChaCha20Poly1305.swift in Sources */,
				OBJ_148 /* AES.Cryptors.swift in Sources */,
				OBJ_149 /* AES.swift in Sources */,
				OBJ_150 /* Array+Extension.swift in Sources */,
				OBJ_151 /* Authenticator.swift in Sources */,
				OBJ_152 /* BatchedCollection.swift in Sources */,
				OBJ_153 /* Bit.swift in Sources */,
				OBJ_154 /* BlockCipher.swift in Sources */,
				OBJ_155 /* BlockMode.swift in Sources */,
				OBJ_156 /* BlockModeOptions.swift in Sources */,
				OBJ_157 /* BlockModeWorker.swift in Sources */,
				OBJ_158 /* CBC.swift in Sources */,
				OBJ_159 /* CFB.swift in Sources */,
				OBJ_160 /* CTR.swift in Sources */,
				OBJ_161 /* ECB.swift in Sources */,
				OBJ_162 /* GCM.swift in Sources */,
				OBJ_163 /* OFB.swift in Sources */,
				OBJ_164 /* PCBC.swift in Sources */,
				OBJ_165 /* RandomAccessBlockModeWorker.swift in Sources */,
				OBJ_166 /* Blowfish.swift in Sources */,
				OBJ_167 /* CMAC.swift in Sources */,
				OBJ_168 /* ChaCha20.swift in Sources */,
				OBJ_169 /* Checksum.swift in Sources */,
				OBJ_170 /* Cipher.swift in Sources */,
				OBJ_171 /* Collection+Extension.swift in Sources */,
				OBJ_172 /* CompactMap.swift in Sources */,
				OBJ_173 /* Cryptors.swift in Sources */,
				OBJ_174 /* Digest.swift in Sources */,
				OBJ_175 /* DigestType.swift in Sources */,
				OBJ_176 /* AES+Foundation.swift in Sources */,
				OBJ_177 /* Array+Foundation.swift in Sources */,
				OBJ_178 /* Blowfish+Foundation.swift in Sources */,
				OBJ_179 /* ChaCha20+Foundation.swift in Sources */,
				OBJ_180 /* Data+Extension.swift in Sources */,
				OBJ_181 /* HMAC+Foundation.swift in Sources */,
				OBJ_182 /* Rabbit+Foundation.swift in Sources */,
				OBJ_183 /* String+FoundationExtension.swift in Sources */,
				OBJ_184 /* Utils+Foundation.swift in Sources */,
				OBJ_185 /* Generics.swift in Sources */,
				OBJ_186 /* HKDF.swift in Sources */,
				OBJ_187 /* HMAC.swift in Sources */,
				OBJ_188 /* Int+Extension.swift in Sources */,
				OBJ_189 /* MD5.swift in Sources */,
				OBJ_190 /* NoPadding.swift in Sources */,
				OBJ_191 /* Operators.swift in Sources */,
				OBJ_192 /* PBKDF1.swift in Sources */,
				OBJ_193 /* PBKDF2.swift in Sources */,
				OBJ_194 /* PKCS5.swift in Sources */,
				OBJ_195 /* PKCS7.swift in Sources */,
				OBJ_196 /* PKCS7Padding.swift in Sources */,
				OBJ_197 /* Padding.swift in Sources */,
				OBJ_198 /* Poly1305.swift in Sources */,
				OBJ_199 /* Rabbit.swift in Sources */,
				OBJ_200 /* RandomAccessCryptor.swift in Sources */,
				OBJ_201 /* RandomBytesSequence.swift in Sources */,
				OBJ_202 /* SHA1.swift in Sources */,
				OBJ_203 /* SHA2.swift in Sources */,
				OBJ_204 /* SHA3.swift in Sources */,
				OBJ_205 /* SecureBytes.swift in Sources */,
				OBJ_206 /* String+Extension.swift in Sources */,
				OBJ_207 /* UInt128.swift in Sources */,
				OBJ_208 /* UInt16+Extension.swift in Sources */,
				OBJ_209 /* UInt32+Extension.swift in Sources */,
				OBJ_210 /* UInt64+Extension.swift in Sources */,
				OBJ_211 /* UInt8+Extension.swift in Sources */,
				OBJ_212 /* Updatable.swift in Sources */,
				OBJ_213 /* Utils.swift in Sources */,
				OBJ_214 /* ZeroPadding.swift in Sources */,
			);
			runOnlyForDeploymentPostprocessing = 0;
		};
		OBJ_220 /* Sources */ = {
			isa = PBXSourcesBuildPhase;
			buildActionMask = 0;
			files = (
				OBJ_221 /* Package.swift in Sources */,
			);
			runOnlyForDeploymentPostprocessing = 0;
		};
		OBJ_226 /* Sources */ = {
			isa = PBXSourcesBuildPhase;
			buildActionMask = 0;
			files = (
				OBJ_227 /* FlagComplex.swift in Sources */,
				OBJ_228 /* FlagSet.swift in Sources */,
				OBJ_229 /* IFAddress.swift in Sources */,
				OBJ_230 /* LabelDispatch.swift in Sources */,
				OBJ_231 /* MessageFlags.swift in Sources */,
				OBJ_232 /* NetworkError.swift in Sources */,
				OBJ_233 /* NetworkErrorEvent.swift in Sources */,
				OBJ_234 /* Cryptographer.swift in Sources */,
				OBJ_235 /* Message.swift in Sources */,
				OBJ_236 /* Address.swift in Sources */,
				OBJ_237 /* UDPSocket.swift in Sources */,
				OBJ_238 /* NetworkHost.swift in Sources */,
				OBJ_239 /* NetworkInterface.swift in Sources */,
			);
			runOnlyForDeploymentPostprocessing = 0;
		};
		OBJ_253 /* Sources */ = {
			isa = PBXSourcesBuildPhase;
			buildActionMask = 0;
			files = (
				OBJ_254 /* NetConnectTests.swift in Sources */,
				OBJ_255 /* XCTestManifests.swift in Sources */,
			);
			runOnlyForDeploymentPostprocessing = 0;
		};
		OBJ_269 /* Sources */ = {
			isa = PBXSourcesBuildPhase;
			buildActionMask = 0;
			files = (
				3F42897720F2BEA900F3B99A /* Server.swift in Sources */,
				3F44E28420F179540041E62D /* TestManifest.swift in Sources */,
				OBJ_270 /* Config.swift in Sources */,
				OBJ_271 /* Log.swift in Sources */,
				OBJ_272 /* main.swift in Sources */,
				3F42897520F2BEA900F3B99A /* Router.swift in Sources */,
				BAA6590A4A3DA7D5D958F51B /* ServerError.swift in Sources */,
				3F42897620F2BEA900F3B99A /* NodePacket.swift in Sources */,
				BAA6582A9FB36906AB236A64 /* LabelDispatch.swift in Sources */,
				3F42897420F2BEA900F3B99A /* NetworkNode.swift in Sources */,
				BAA657ED6056AF53BAA52F8D /* Time.swift in Sources */,
				3F42896B20F2BE7400F3B99A /* NodeDelegate.swift in Sources */,
				3F42896F20F2BE8900F3B99A /* InboundDelegate.swift in Sources */,
				3F42896E20F2BE8900F3B99A /* OutboundDelegate.swift in Sources */,
				BAA65ABD2024F1A5DEC4B807 /* Handler.swift in Sources */,
				BAA6543C3D1102257BE4353A /* EchoHandler.swift in Sources */,
				BAA658747F4635B45CE65FE4 /* HandshakeHandler.swift in Sources */,
				BAA65C079FE908AF1347E182 /* Probe.swift in Sources */,
			);
			runOnlyForDeploymentPostprocessing = 0;
		};
		OBJ_289 /* Sources */ = {
			isa = PBXSourcesBuildPhase;
			buildActionMask = 0;
			files = (
				OBJ_290 /* Package.swift in Sources */,
			);
			runOnlyForDeploymentPostprocessing = 0;
		};
		OBJ_299 /* Sources */ = {
			isa = PBXSourcesBuildPhase;
			buildActionMask = 0;
			files = (
				OBJ_300 /* Socket.swift in Sources */,
				OBJ_301 /* SocketProtocols.swift in Sources */,
				OBJ_302 /* SocketUtils.swift in Sources */,
			);
			runOnlyForDeploymentPostprocessing = 0;
		};
		OBJ_308 /* Sources */ = {
			isa = PBXSourcesBuildPhase;
			buildActionMask = 0;
			files = (
				OBJ_309 /* Package.swift in Sources */,
			);
			runOnlyForDeploymentPostprocessing = 0;
		};
		OBJ_313 /* Sources */ = {
			isa = PBXSourcesBuildPhase;
			buildActionMask = 0;
			files = (
				OBJ_314 /* SwiftyJSON.swift in Sources */,
			);
			runOnlyForDeploymentPostprocessing = 0;
		};
		OBJ_319 /* Sources */ = {
			isa = PBXSourcesBuildPhase;
			buildActionMask = 0;
			files = (
				OBJ_320 /* Atomic.swift in Sources */,
				OBJ_321 /* ThreadedArray.swift in Sources */,
				OBJ_322 /* ThreadedDictionary.swift in Sources */,
				OBJ_323 /* ThreadedQueue.swift in Sources */,
				OBJ_324 /* LabelDispatch.swift in Sources */,
				OBJ_325 /* LinkedQueue.swift in Sources */,
				OBJ_326 /* ThreadedCollection.swift in Sources */,
				OBJ_327 /* ThreadedObject.swift in Sources */,
				OBJ_328 /* ThreadingType.swift in Sources */,
			);
			runOnlyForDeploymentPostprocessing = 0;
		};
		OBJ_334 /* Sources */ = {
			isa = PBXSourcesBuildPhase;
			buildActionMask = 0;
			files = (
				OBJ_335 /* Package.swift in Sources */,
			);
			runOnlyForDeploymentPostprocessing = 0;
		};
/* End PBXSourcesBuildPhase section */

/* Begin PBXTargetDependency section */
		OBJ_244 /* PBXTargetDependency */ = {
			isa = PBXTargetDependency;
			target = "CryptoSwift::CryptoSwift" /* CryptoSwift */;
			targetProxy = 3F44E27520F1791C0041E62D /* PBXContainerItemProxy */;
		};
		OBJ_245 /* PBXTargetDependency */ = {
			isa = PBXTargetDependency;
			target = "Socket::Socket" /* Socket */;
			targetProxy = 3F44E27620F1791C0041E62D /* PBXContainerItemProxy */;
		};
		OBJ_247 /* PBXTargetDependency */ = {
			isa = PBXTargetDependency;
			target = "Server::SwiftyJSON" /* SwiftyJSON */;
			targetProxy = 3F44E27720F1791C0041E62D /* PBXContainerItemProxy */;
		};
		OBJ_261 /* PBXTargetDependency */ = {
			isa = PBXTargetDependency;
			target = "Server::NetConnect" /* NetConnect */;
			targetProxy = 3F44E27820F1791C0041E62D /* PBXContainerItemProxy */;
		};
		OBJ_262 /* PBXTargetDependency */ = {
			isa = PBXTargetDependency;
			target = "CryptoSwift::CryptoSwift" /* CryptoSwift */;
			targetProxy = 3F44E27920F1791C0041E62D /* PBXContainerItemProxy */;
		};
		OBJ_263 /* PBXTargetDependency */ = {
			isa = PBXTargetDependency;
			target = "Socket::Socket" /* Socket */;
			targetProxy = 3F44E27A20F1791C0041E62D /* PBXContainerItemProxy */;
		};
		OBJ_264 /* PBXTargetDependency */ = {
			isa = PBXTargetDependency;
			target = "Server::SwiftyJSON" /* SwiftyJSON */;
			targetProxy = 3F44E27B20F1791C0041E62D /* PBXContainerItemProxy */;
		};
		OBJ_279 /* PBXTargetDependency */ = {
			isa = PBXTargetDependency;
			target = "Threading::Threading" /* Threading */;
			targetProxy = 3F44E27C20F1791C0041E62D /* PBXContainerItemProxy */;
		};
		OBJ_281 /* PBXTargetDependency */ = {
			isa = PBXTargetDependency;
			target = "Server::NetConnect" /* NetConnect */;
			targetProxy = 3F44E27D20F1791C0041E62D /* PBXContainerItemProxy */;
		};
		OBJ_282 /* PBXTargetDependency */ = {
			isa = PBXTargetDependency;
			target = "CryptoSwift::CryptoSwift" /* CryptoSwift */;
			targetProxy = 3F44E27E20F1791C0041E62D /* PBXContainerItemProxy */;
		};
		OBJ_283 /* PBXTargetDependency */ = {
			isa = PBXTargetDependency;
			target = "Socket::Socket" /* Socket */;
			targetProxy = 3F44E27F20F1791C0041E62D /* PBXContainerItemProxy */;
		};
		OBJ_284 /* PBXTargetDependency */ = {
			isa = PBXTargetDependency;
			target = "Server::SwiftyJSON" /* SwiftyJSON */;
			targetProxy = 3F44E28020F1791C0041E62D /* PBXContainerItemProxy */;
		};
		OBJ_295 /* PBXTargetDependency */ = {
			isa = PBXTargetDependency;
			target = "Server::NetConnectTests" /* NetConnectTests */;
			targetProxy = 3F44E28120F1791C0041E62D /* PBXContainerItemProxy */;
		};
/* End PBXTargetDependency section */

/* Begin XCBuildConfiguration section */
		OBJ_143 /* Debug */ = {
			isa = XCBuildConfiguration;
			buildSettings = {
				ENABLE_TESTABILITY = YES;
				FRAMEWORK_SEARCH_PATHS = (
					"$(inherited)",
					"$(PLATFORM_DIR)/Developer/Library/Frameworks",
				);
				HEADER_SEARCH_PATHS = "$(inherited)";
				INFOPLIST_FILE = Server.xcodeproj/CryptoSwift_Info.plist;
				LD_RUNPATH_SEARCH_PATHS = "$(inherited) $(TOOLCHAIN_DIR)/usr/lib/swift/macosx";
				OTHER_CFLAGS = "$(inherited)";
				OTHER_LDFLAGS = "$(inherited)";
				OTHER_SWIFT_FLAGS = "$(inherited)";
				PRODUCT_BUNDLE_IDENTIFIER = CryptoSwift;
				PRODUCT_MODULE_NAME = "$(TARGET_NAME:c99extidentifier)";
				PRODUCT_NAME = "$(TARGET_NAME:c99extidentifier)";
				SKIP_INSTALL = YES;
				SWIFT_VERSION = 4.0;
				TARGET_NAME = CryptoSwift;
			};
			name = Debug;
		};
		OBJ_144 /* Release */ = {
			isa = XCBuildConfiguration;
			buildSettings = {
				ENABLE_TESTABILITY = YES;
				FRAMEWORK_SEARCH_PATHS = (
					"$(inherited)",
					"$(PLATFORM_DIR)/Developer/Library/Frameworks",
				);
				HEADER_SEARCH_PATHS = "$(inherited)";
				INFOPLIST_FILE = Server.xcodeproj/CryptoSwift_Info.plist;
				LD_RUNPATH_SEARCH_PATHS = "$(inherited) $(TOOLCHAIN_DIR)/usr/lib/swift/macosx";
				OTHER_CFLAGS = "$(inherited)";
				OTHER_LDFLAGS = "$(inherited)";
				OTHER_SWIFT_FLAGS = "$(inherited)";
				PRODUCT_BUNDLE_IDENTIFIER = CryptoSwift;
				PRODUCT_MODULE_NAME = "$(TARGET_NAME:c99extidentifier)";
				PRODUCT_NAME = "$(TARGET_NAME:c99extidentifier)";
				SKIP_INSTALL = YES;
				SWIFT_VERSION = 4.0;
				TARGET_NAME = CryptoSwift;
			};
			name = Release;
		};
		OBJ_218 /* Debug */ = {
			isa = XCBuildConfiguration;
			buildSettings = {
				LD = /usr/bin/true;
				OTHER_SWIFT_FLAGS = "-swift-version 4 -I $(TOOLCHAIN_DIR)/usr/lib/swift/pm/4 -target x86_64-apple-macosx10.10 -sdk /Library/Developer/CommandLineTools/SDKs/MacOSX10.13.sdk";
				SWIFT_VERSION = 4.0;
			};
			name = Debug;
		};
		OBJ_219 /* Release */ = {
			isa = XCBuildConfiguration;
			buildSettings = {
				LD = /usr/bin/true;
				OTHER_SWIFT_FLAGS = "-swift-version 4 -I $(TOOLCHAIN_DIR)/usr/lib/swift/pm/4 -target x86_64-apple-macosx10.10 -sdk /Library/Developer/CommandLineTools/SDKs/MacOSX10.13.sdk";
				SWIFT_VERSION = 4.0;
			};
			name = Release;
		};
		OBJ_224 /* Debug */ = {
			isa = XCBuildConfiguration;
			buildSettings = {
				ENABLE_TESTABILITY = YES;
				FRAMEWORK_SEARCH_PATHS = (
					"$(inherited)",
					"$(PLATFORM_DIR)/Developer/Library/Frameworks",
				);
				HEADER_SEARCH_PATHS = "$(inherited)";
				INFOPLIST_FILE = Server.xcodeproj/NetConnect_Info.plist;
				LD_RUNPATH_SEARCH_PATHS = "$(inherited) $(TOOLCHAIN_DIR)/usr/lib/swift/macosx";
				OTHER_CFLAGS = "$(inherited)";
				OTHER_LDFLAGS = "$(inherited)";
				OTHER_SWIFT_FLAGS = "$(inherited)";
				PRODUCT_BUNDLE_IDENTIFIER = NetConnect;
				PRODUCT_MODULE_NAME = "$(TARGET_NAME:c99extidentifier)";
				PRODUCT_NAME = "$(TARGET_NAME:c99extidentifier)";
				SKIP_INSTALL = YES;
				SWIFT_VERSION = 4.0;
				TARGET_NAME = NetConnect;
			};
			name = Debug;
		};
		OBJ_225 /* Release */ = {
			isa = XCBuildConfiguration;
			buildSettings = {
				ENABLE_TESTABILITY = YES;
				FRAMEWORK_SEARCH_PATHS = (
					"$(inherited)",
					"$(PLATFORM_DIR)/Developer/Library/Frameworks",
				);
				HEADER_SEARCH_PATHS = "$(inherited)";
				INFOPLIST_FILE = Server.xcodeproj/NetConnect_Info.plist;
				LD_RUNPATH_SEARCH_PATHS = "$(inherited) $(TOOLCHAIN_DIR)/usr/lib/swift/macosx";
				OTHER_CFLAGS = "$(inherited)";
				OTHER_LDFLAGS = "$(inherited)";
				OTHER_SWIFT_FLAGS = "$(inherited)";
				PRODUCT_BUNDLE_IDENTIFIER = NetConnect;
				PRODUCT_MODULE_NAME = "$(TARGET_NAME:c99extidentifier)";
				PRODUCT_NAME = "$(TARGET_NAME:c99extidentifier)";
				SKIP_INSTALL = YES;
				SWIFT_VERSION = 4.0;
				TARGET_NAME = NetConnect;
			};
			name = Release;
		};
		OBJ_251 /* Debug */ = {
			isa = XCBuildConfiguration;
			buildSettings = {
				EMBEDDED_CONTENT_CONTAINS_SWIFT = YES;
				FRAMEWORK_SEARCH_PATHS = (
					"$(inherited)",
					"$(PLATFORM_DIR)/Developer/Library/Frameworks",
				);
				HEADER_SEARCH_PATHS = "$(inherited)";
				INFOPLIST_FILE = Server.xcodeproj/NetConnectTests_Info.plist;
				LD_RUNPATH_SEARCH_PATHS = "$(inherited) @loader_path/../Frameworks @loader_path/Frameworks";
				OTHER_CFLAGS = "$(inherited)";
				OTHER_LDFLAGS = "$(inherited)";
				OTHER_SWIFT_FLAGS = "$(inherited)";
				SWIFT_VERSION = 4.0;
				TARGET_NAME = NetConnectTests;
			};
			name = Debug;
		};
		OBJ_252 /* Release */ = {
			isa = XCBuildConfiguration;
			buildSettings = {
				EMBEDDED_CONTENT_CONTAINS_SWIFT = YES;
				FRAMEWORK_SEARCH_PATHS = (
					"$(inherited)",
					"$(PLATFORM_DIR)/Developer/Library/Frameworks",
				);
				HEADER_SEARCH_PATHS = "$(inherited)";
				INFOPLIST_FILE = Server.xcodeproj/NetConnectTests_Info.plist;
				LD_RUNPATH_SEARCH_PATHS = "$(inherited) @loader_path/../Frameworks @loader_path/Frameworks";
				OTHER_CFLAGS = "$(inherited)";
				OTHER_LDFLAGS = "$(inherited)";
				OTHER_SWIFT_FLAGS = "$(inherited)";
				SWIFT_VERSION = 4.0;
				TARGET_NAME = NetConnectTests;
			};
			name = Release;
		};
		OBJ_267 /* Debug */ = {
			isa = XCBuildConfiguration;
			buildSettings = {
				FRAMEWORK_SEARCH_PATHS = (
					"$(inherited)",
					"$(PLATFORM_DIR)/Developer/Library/Frameworks",
				);
				HEADER_SEARCH_PATHS = "$(inherited)";
				INFOPLIST_FILE = Server.xcodeproj/Server_Info.plist;
				LD_RUNPATH_SEARCH_PATHS = "$(inherited) $(TOOLCHAIN_DIR)/usr/lib/swift/macosx @executable_path";
				OTHER_CFLAGS = "$(inherited)";
				OTHER_LDFLAGS = "$(inherited)";
				OTHER_SWIFT_FLAGS = "$(inherited)";
				SWIFT_FORCE_DYNAMIC_LINK_STDLIB = YES;
				SWIFT_FORCE_STATIC_LINK_STDLIB = NO;
				SWIFT_VERSION = 4.0;
				TARGET_NAME = Server;
			};
			name = Debug;
		};
		OBJ_268 /* Release */ = {
			isa = XCBuildConfiguration;
			buildSettings = {
				FRAMEWORK_SEARCH_PATHS = (
					"$(inherited)",
					"$(PLATFORM_DIR)/Developer/Library/Frameworks",
				);
				HEADER_SEARCH_PATHS = "$(inherited)";
				INFOPLIST_FILE = Server.xcodeproj/Server_Info.plist;
				LD_RUNPATH_SEARCH_PATHS = "$(inherited) $(TOOLCHAIN_DIR)/usr/lib/swift/macosx @executable_path";
				OTHER_CFLAGS = "$(inherited)";
				OTHER_LDFLAGS = "$(inherited)";
				OTHER_SWIFT_FLAGS = "$(inherited)";
				SWIFT_FORCE_DYNAMIC_LINK_STDLIB = YES;
				SWIFT_FORCE_STATIC_LINK_STDLIB = NO;
				SWIFT_VERSION = 4.0;
				TARGET_NAME = Server;
			};
			name = Release;
		};
		OBJ_287 /* Debug */ = {
			isa = XCBuildConfiguration;
			buildSettings = {
				LD = /usr/bin/true;
				OTHER_SWIFT_FLAGS = "-swift-version 4 -I $(TOOLCHAIN_DIR)/usr/lib/swift/pm/4 -target x86_64-apple-macosx10.10 -sdk /Library/Developer/CommandLineTools/SDKs/MacOSX10.13.sdk";
				SWIFT_VERSION = 4.0;
			};
			name = Debug;
		};
		OBJ_288 /* Release */ = {
			isa = XCBuildConfiguration;
			buildSettings = {
				LD = /usr/bin/true;
				OTHER_SWIFT_FLAGS = "-swift-version 4 -I $(TOOLCHAIN_DIR)/usr/lib/swift/pm/4 -target x86_64-apple-macosx10.10 -sdk /Library/Developer/CommandLineTools/SDKs/MacOSX10.13.sdk";
				SWIFT_VERSION = 4.0;
			};
			name = Release;
		};
		OBJ_293 /* Debug */ = {
			isa = XCBuildConfiguration;
			buildSettings = {
			};
			name = Debug;
		};
		OBJ_294 /* Release */ = {
			isa = XCBuildConfiguration;
			buildSettings = {
			};
			name = Release;
		};
		OBJ_297 /* Debug */ = {
			isa = XCBuildConfiguration;
			buildSettings = {
				ENABLE_TESTABILITY = YES;
				FRAMEWORK_SEARCH_PATHS = (
					"$(inherited)",
					"$(PLATFORM_DIR)/Developer/Library/Frameworks",
				);
				HEADER_SEARCH_PATHS = "$(inherited)";
				INFOPLIST_FILE = Server.xcodeproj/Socket_Info.plist;
				LD_RUNPATH_SEARCH_PATHS = "$(inherited) $(TOOLCHAIN_DIR)/usr/lib/swift/macosx";
				OTHER_CFLAGS = "$(inherited)";
				OTHER_LDFLAGS = "$(inherited)";
				OTHER_SWIFT_FLAGS = "$(inherited)";
				PRODUCT_BUNDLE_IDENTIFIER = Socket;
				PRODUCT_MODULE_NAME = "$(TARGET_NAME:c99extidentifier)";
				PRODUCT_NAME = "$(TARGET_NAME:c99extidentifier)";
				SKIP_INSTALL = YES;
				SWIFT_VERSION = 4.0;
				TARGET_NAME = Socket;
			};
			name = Debug;
		};
		OBJ_298 /* Release */ = {
			isa = XCBuildConfiguration;
			buildSettings = {
				ENABLE_TESTABILITY = YES;
				FRAMEWORK_SEARCH_PATHS = (
					"$(inherited)",
					"$(PLATFORM_DIR)/Developer/Library/Frameworks",
				);
				HEADER_SEARCH_PATHS = "$(inherited)";
				INFOPLIST_FILE = Server.xcodeproj/Socket_Info.plist;
				LD_RUNPATH_SEARCH_PATHS = "$(inherited) $(TOOLCHAIN_DIR)/usr/lib/swift/macosx";
				OTHER_CFLAGS = "$(inherited)";
				OTHER_LDFLAGS = "$(inherited)";
				OTHER_SWIFT_FLAGS = "$(inherited)";
				PRODUCT_BUNDLE_IDENTIFIER = Socket;
				PRODUCT_MODULE_NAME = "$(TARGET_NAME:c99extidentifier)";
				PRODUCT_NAME = "$(TARGET_NAME:c99extidentifier)";
				SKIP_INSTALL = YES;
				SWIFT_VERSION = 4.0;
				TARGET_NAME = Socket;
			};
			name = Release;
		};
		OBJ_3 /* Debug */ = {
			isa = XCBuildConfiguration;
			buildSettings = {
				CLANG_ENABLE_OBJC_ARC = YES;
				COMBINE_HIDPI_IMAGES = YES;
				COPY_PHASE_STRIP = NO;
				DEBUG_INFORMATION_FORMAT = dwarf;
				DYLIB_INSTALL_NAME_BASE = "@rpath";
				ENABLE_NS_ASSERTIONS = YES;
				GCC_OPTIMIZATION_LEVEL = 0;
				MACOSX_DEPLOYMENT_TARGET = 10.10;
				ONLY_ACTIVE_ARCH = YES;
				OTHER_SWIFT_FLAGS = "-DXcode";
				PRODUCT_NAME = "$(TARGET_NAME)";
				SDKROOT = macosx;
				SUPPORTED_PLATFORMS = "macosx iphoneos iphonesimulator appletvos appletvsimulator watchos watchsimulator";
				SWIFT_ACTIVE_COMPILATION_CONDITIONS = SWIFT_PACKAGE;
				SWIFT_OPTIMIZATION_LEVEL = "-Onone";
				USE_HEADERMAP = NO;
			};
			name = Debug;
		};
		OBJ_306 /* Debug */ = {
			isa = XCBuildConfiguration;
			buildSettings = {
				LD = /usr/bin/true;
				OTHER_SWIFT_FLAGS = "-swift-version 4 -I $(TOOLCHAIN_DIR)/usr/lib/swift/pm/4 -target x86_64-apple-macosx10.10 -sdk /Library/Developer/CommandLineTools/SDKs/MacOSX10.13.sdk";
				SWIFT_VERSION = 4.0;
			};
			name = Debug;
		};
		OBJ_307 /* Release */ = {
			isa = XCBuildConfiguration;
			buildSettings = {
				LD = /usr/bin/true;
				OTHER_SWIFT_FLAGS = "-swift-version 4 -I $(TOOLCHAIN_DIR)/usr/lib/swift/pm/4 -target x86_64-apple-macosx10.10 -sdk /Library/Developer/CommandLineTools/SDKs/MacOSX10.13.sdk";
				SWIFT_VERSION = 4.0;
			};
			name = Release;
		};
		OBJ_311 /* Debug */ = {
			isa = XCBuildConfiguration;
			buildSettings = {
				ENABLE_TESTABILITY = YES;
				FRAMEWORK_SEARCH_PATHS = (
					"$(inherited)",
					"$(PLATFORM_DIR)/Developer/Library/Frameworks",
				);
				HEADER_SEARCH_PATHS = "$(inherited)";
				INFOPLIST_FILE = Server.xcodeproj/SwiftyJSON_Info.plist;
				LD_RUNPATH_SEARCH_PATHS = "$(inherited) $(TOOLCHAIN_DIR)/usr/lib/swift/macosx";
				OTHER_CFLAGS = "$(inherited)";
				OTHER_LDFLAGS = "$(inherited)";
				OTHER_SWIFT_FLAGS = "$(inherited)";
				PRODUCT_BUNDLE_IDENTIFIER = SwiftyJSON;
				PRODUCT_MODULE_NAME = "$(TARGET_NAME:c99extidentifier)";
				PRODUCT_NAME = "$(TARGET_NAME:c99extidentifier)";
				SKIP_INSTALL = YES;
				SWIFT_VERSION = 4.0;
				TARGET_NAME = SwiftyJSON;
			};
			name = Debug;
		};
		OBJ_312 /* Release */ = {
			isa = XCBuildConfiguration;
			buildSettings = {
				ENABLE_TESTABILITY = YES;
				FRAMEWORK_SEARCH_PATHS = (
					"$(inherited)",
					"$(PLATFORM_DIR)/Developer/Library/Frameworks",
				);
				HEADER_SEARCH_PATHS = "$(inherited)";
				INFOPLIST_FILE = Server.xcodeproj/SwiftyJSON_Info.plist;
				LD_RUNPATH_SEARCH_PATHS = "$(inherited) $(TOOLCHAIN_DIR)/usr/lib/swift/macosx";
				OTHER_CFLAGS = "$(inherited)";
				OTHER_LDFLAGS = "$(inherited)";
				OTHER_SWIFT_FLAGS = "$(inherited)";
				PRODUCT_BUNDLE_IDENTIFIER = SwiftyJSON;
				PRODUCT_MODULE_NAME = "$(TARGET_NAME:c99extidentifier)";
				PRODUCT_NAME = "$(TARGET_NAME:c99extidentifier)";
				SKIP_INSTALL = YES;
				SWIFT_VERSION = 4.0;
				TARGET_NAME = SwiftyJSON;
			};
			name = Release;
		};
		OBJ_317 /* Debug */ = {
			isa = XCBuildConfiguration;
			buildSettings = {
				ENABLE_TESTABILITY = YES;
				FRAMEWORK_SEARCH_PATHS = (
					"$(inherited)",
					"$(PLATFORM_DIR)/Developer/Library/Frameworks",
				);
				HEADER_SEARCH_PATHS = "$(inherited)";
				INFOPLIST_FILE = Server.xcodeproj/Threading_Info.plist;
				LD_RUNPATH_SEARCH_PATHS = "$(inherited) $(TOOLCHAIN_DIR)/usr/lib/swift/macosx";
				OTHER_CFLAGS = "$(inherited)";
				OTHER_LDFLAGS = "$(inherited)";
				OTHER_SWIFT_FLAGS = "$(inherited)";
				PRODUCT_BUNDLE_IDENTIFIER = Threading;
				PRODUCT_MODULE_NAME = "$(TARGET_NAME:c99extidentifier)";
				PRODUCT_NAME = "$(TARGET_NAME:c99extidentifier)";
				SKIP_INSTALL = YES;
				SWIFT_VERSION = 4.0;
				TARGET_NAME = Threading;
			};
			name = Debug;
		};
		OBJ_318 /* Release */ = {
			isa = XCBuildConfiguration;
			buildSettings = {
				ENABLE_TESTABILITY = YES;
				FRAMEWORK_SEARCH_PATHS = (
					"$(inherited)",
					"$(PLATFORM_DIR)/Developer/Library/Frameworks",
				);
				HEADER_SEARCH_PATHS = "$(inherited)";
				INFOPLIST_FILE = Server.xcodeproj/Threading_Info.plist;
				LD_RUNPATH_SEARCH_PATHS = "$(inherited) $(TOOLCHAIN_DIR)/usr/lib/swift/macosx";
				OTHER_CFLAGS = "$(inherited)";
				OTHER_LDFLAGS = "$(inherited)";
				OTHER_SWIFT_FLAGS = "$(inherited)";
				PRODUCT_BUNDLE_IDENTIFIER = Threading;
				PRODUCT_MODULE_NAME = "$(TARGET_NAME:c99extidentifier)";
				PRODUCT_NAME = "$(TARGET_NAME:c99extidentifier)";
				SKIP_INSTALL = YES;
				SWIFT_VERSION = 4.0;
				TARGET_NAME = Threading;
			};
			name = Release;
		};
		OBJ_332 /* Debug */ = {
			isa = XCBuildConfiguration;
			buildSettings = {
				LD = /usr/bin/true;
				OTHER_SWIFT_FLAGS = "-swift-version 4 -I $(TOOLCHAIN_DIR)/usr/lib/swift/pm/4 -target x86_64-apple-macosx10.10 -sdk /Library/Developer/CommandLineTools/SDKs/MacOSX10.13.sdk";
				SWIFT_VERSION = 4.0;
			};
			name = Debug;
		};
		OBJ_333 /* Release */ = {
			isa = XCBuildConfiguration;
			buildSettings = {
				LD = /usr/bin/true;
				OTHER_SWIFT_FLAGS = "-swift-version 4 -I $(TOOLCHAIN_DIR)/usr/lib/swift/pm/4 -target x86_64-apple-macosx10.10 -sdk /Library/Developer/CommandLineTools/SDKs/MacOSX10.13.sdk";
				SWIFT_VERSION = 4.0;
			};
			name = Release;
		};
		OBJ_4 /* Release */ = {
			isa = XCBuildConfiguration;
			buildSettings = {
				CLANG_ENABLE_OBJC_ARC = YES;
				COMBINE_HIDPI_IMAGES = YES;
				COPY_PHASE_STRIP = YES;
				DEBUG_INFORMATION_FORMAT = "dwarf-with-dsym";
				DYLIB_INSTALL_NAME_BASE = "@rpath";
				GCC_OPTIMIZATION_LEVEL = s;
				MACOSX_DEPLOYMENT_TARGET = 10.10;
				OTHER_SWIFT_FLAGS = "-DXcode";
				PRODUCT_NAME = "$(TARGET_NAME)";
				SDKROOT = macosx;
				SUPPORTED_PLATFORMS = "macosx iphoneos iphonesimulator appletvos appletvsimulator watchos watchsimulator";
				SWIFT_ACTIVE_COMPILATION_CONDITIONS = SWIFT_PACKAGE;
				SWIFT_OPTIMIZATION_LEVEL = "-Owholemodule";
				USE_HEADERMAP = NO;
			};
			name = Release;
		};
/* End XCBuildConfiguration section */

/* Begin XCConfigurationList section */
		OBJ_142 /* Build configuration list for PBXNativeTarget "CryptoSwift" */ = {
			isa = XCConfigurationList;
			buildConfigurations = (
				OBJ_143 /* Debug */,
				OBJ_144 /* Release */,
			);
			defaultConfigurationIsVisible = 0;
			defaultConfigurationName = Release;
		};
		OBJ_2 /* Build configuration list for PBXProject "Server" */ = {
			isa = XCConfigurationList;
			buildConfigurations = (
				OBJ_3 /* Debug */,
				OBJ_4 /* Release */,
			);
			defaultConfigurationIsVisible = 0;
			defaultConfigurationName = Release;
		};
		OBJ_217 /* Build configuration list for PBXNativeTarget "CryptoSwiftPackageDescription" */ = {
			isa = XCConfigurationList;
			buildConfigurations = (
				OBJ_218 /* Debug */,
				OBJ_219 /* Release */,
			);
			defaultConfigurationIsVisible = 0;
			defaultConfigurationName = Release;
		};
		OBJ_223 /* Build configuration list for PBXNativeTarget "NetConnect" */ = {
			isa = XCConfigurationList;
			buildConfigurations = (
				OBJ_224 /* Debug */,
				OBJ_225 /* Release */,
			);
			defaultConfigurationIsVisible = 0;
			defaultConfigurationName = Release;
		};
		OBJ_250 /* Build configuration list for PBXNativeTarget "NetConnectTests" */ = {
			isa = XCConfigurationList;
			buildConfigurations = (
				OBJ_251 /* Debug */,
				OBJ_252 /* Release */,
			);
			defaultConfigurationIsVisible = 0;
			defaultConfigurationName = Release;
		};
		OBJ_266 /* Build configuration list for PBXNativeTarget "Server" */ = {
			isa = XCConfigurationList;
			buildConfigurations = (
				OBJ_267 /* Debug */,
				OBJ_268 /* Release */,
			);
			defaultConfigurationIsVisible = 0;
			defaultConfigurationName = Release;
		};
		OBJ_286 /* Build configuration list for PBXNativeTarget "ServerPackageDescription" */ = {
			isa = XCConfigurationList;
			buildConfigurations = (
				OBJ_287 /* Debug */,
				OBJ_288 /* Release */,
			);
			defaultConfigurationIsVisible = 0;
			defaultConfigurationName = Release;
		};
		OBJ_292 /* Build configuration list for PBXAggregateTarget "ServerPackageTests" */ = {
			isa = XCConfigurationList;
			buildConfigurations = (
				OBJ_293 /* Debug */,
				OBJ_294 /* Release */,
			);
			defaultConfigurationIsVisible = 0;
			defaultConfigurationName = Release;
		};
		OBJ_296 /* Build configuration list for PBXNativeTarget "Socket" */ = {
			isa = XCConfigurationList;
			buildConfigurations = (
				OBJ_297 /* Debug */,
				OBJ_298 /* Release */,
			);
			defaultConfigurationIsVisible = 0;
			defaultConfigurationName = Release;
		};
		OBJ_305 /* Build configuration list for PBXNativeTarget "SocketPackageDescription" */ = {
			isa = XCConfigurationList;
			buildConfigurations = (
				OBJ_306 /* Debug */,
				OBJ_307 /* Release */,
			);
			defaultConfigurationIsVisible = 0;
			defaultConfigurationName = Release;
		};
		OBJ_310 /* Build configuration list for PBXNativeTarget "SwiftyJSON" */ = {
			isa = XCConfigurationList;
			buildConfigurations = (
				OBJ_311 /* Debug */,
				OBJ_312 /* Release */,
			);
			defaultConfigurationIsVisible = 0;
			defaultConfigurationName = Release;
		};
		OBJ_316 /* Build configuration list for PBXNativeTarget "Threading" */ = {
			isa = XCConfigurationList;
			buildConfigurations = (
				OBJ_317 /* Debug */,
				OBJ_318 /* Release */,
			);
			defaultConfigurationIsVisible = 0;
			defaultConfigurationName = Release;
		};
		OBJ_331 /* Build configuration list for PBXNativeTarget "ThreadingPackageDescription" */ = {
			isa = XCConfigurationList;
			buildConfigurations = (
				OBJ_332 /* Debug */,
				OBJ_333 /* Release */,
			);
			defaultConfigurationIsVisible = 0;
			defaultConfigurationName = Release;
		};
/* End XCConfigurationList section */
	};
	rootObject = OBJ_1 /* Project object */;
}
