{
  "object": {
    "pins": [
      {
        "package": "Socket",
        "repositoryURL": "https://github.com/IBM-Swift/BlueSocket.git",
        "state": {
          "branch": null,
          "revision": "c7847a9b002de2589d113a199ddb01f1d8b4ac89",
          "version": "1.0.6"
        }
      }
    ]
  },
  "version": 1
}
