// !$*UTF8*$!
{
	archiveVersion = 1;
	classes = {
	};
	objectVersion = 50;
	objects = {

/* Begin PBXBuildFile section */
		101A139820E7E51300D4BE59 /* OverviewPage.storyboard in Resources */ = {isa = PBXBuildFile; fileRef = 101A139720E7E51300D4BE59 /* OverviewPage.storyboard */; };
		101A139A20E7E8B300D4BE59 /* OverViewControl.swift in Sources */ = {isa = PBXBuildFile; fileRef = 101A139920E7E8B300D4BE59 /* OverViewControl.swift */; };
		102B781B20FAA480006FFF01 /* NetConnect.framework in Frameworks */ = {isa = PBXBuildFile; fileRef = 102B781A20FAA480006FFF01 /* NetConnect.framework */; };
		102B781C20FAA480006FFF01 /* NetConnect.framework in Embed Frameworks */ = {isa = PBXBuildFile; fileRef = 102B781A20FAA480006FFF01 /* NetConnect.framework */; settings = {ATTRIBUTES = (CodeSignOnCopy, RemoveHeadersOnCopy, ); }; };
		10B80B2820E480EB007027F1 /* PageViewControl.swift in Sources */ = {isa = PBXBuildFile; fileRef = 10B80B2420E480EA007027F1 /* PageViewControl.swift */; };
		10B80B2920E480EB007027F1 /* ViewControlClass.swift in Sources */ = {isa = PBXBuildFile; fileRef = 10B80B2520E480EA007027F1 /* ViewControlClass.swift */; };
		10B80B2A20E480EB007027F1 /* TimeClass.swift in Sources */ = {isa = PBXBuildFile; fileRef = 10B80B2620E480EA007027F1 /* TimeClass.swift */; };
		10B80B2B20E480EB007027F1 /* ServingPackageClass.swift in Sources */ = {isa = PBXBuildFile; fileRef = 10B80B2720E480EB007027F1 /* ServingPackageClass.swift */; };
		10B80B2E20E48138007027F1 /* FoodAdd.storyboard in Resources */ = {isa = PBXBuildFile; fileRef = 10B80B2C20E48138007027F1 /* FoodAdd.storyboard */; };
		10C7B93620EED3CA000DD9D6 /* InformationFromFoodMenu.storyboard in Resources */ = {isa = PBXBuildFile; fileRef = 10C7B93520EED3CA000DD9D6 /* InformationFromFoodMenu.storyboard */; };
		10C7B93820EF064E000DD9D6 /* AdvancedAddVC.swift in Sources */ = {isa = PBXBuildFile; fileRef = 10C7B93720EF064E000DD9D6 /* AdvancedAddVC.swift */; };
		10C7B93A20F13B91000DD9D6 /* AdvancedStats.storyboard in Resources */ = {isa = PBXBuildFile; fileRef = 10C7B93920F13B91000DD9D6 /* AdvancedStats.storyboard */; };
		10DEF65120EAF98000759A13 /* BarchartClass.swift in Sources */ = {isa = PBXBuildFile; fileRef = 10DEF64F20EAF98000759A13 /* BarchartClass.swift */; };
		10DEF65220EAF98000759A13 /* ChartCreationClass.swift in Sources */ = {isa = PBXBuildFile; fileRef = 10DEF65020EAF98000759A13 /* ChartCreationClass.swift */; };
		3F11EFFF20C4771A007AB096 /* AppDelegate.swift in Sources */ = {isa = PBXBuildFile; fileRef = 3F11EFFE20C4771A007AB096 /* AppDelegate.swift */; };
		3F11F00120C4771A007AB096 /* ViewController.swift in Sources */ = {isa = PBXBuildFile; fileRef = 3F11F00020C4771A007AB096 /* ViewController.swift */; };
		3F11F00620C4771B007AB096 /* Assets.xcassets in Resources */ = {isa = PBXBuildFile; fileRef = 3F11F00520C4771B007AB096 /* Assets.xcassets */; };
		3F11F00920C4771B007AB096 /* LaunchScreen.storyboard in Resources */ = {isa = PBXBuildFile; fileRef = 3F11F00720C4771B007AB096 /* LaunchScreen.storyboard */; };
		3F11F01420C4771C007AB096 /* TrackITClientTests.swift in Sources */ = {isa = PBXBuildFile; fileRef = 3F11F01320C4771C007AB096 /* TrackITClientTests.swift */; };
		3F11F02620C4880A007AB096 /* NetConnect in Resources */ = {isa = PBXBuildFile; fileRef = 3F11F02520C4880A007AB096 /* NetConnect */; };
		8B751E4920DF0329003EC7D4 /* split.png in Resources */ = {isa = PBXBuildFile; fileRef = 8B751E4820DF0329003EC7D4 /* split.png */; };
		8B751E4B20E37661003EC7D4 /* ViewController2.swift in Sources */ = {isa = PBXBuildFile; fileRef = 8B751E4A20E37661003EC7D4 /* ViewController2.swift */; };
		8BD217C220EAC0D700C00E9D /* Main.storyboard in Resources */ = {isa = PBXBuildFile; fileRef = 10DEF64820EAB50300759A13 /* Main.storyboard */; };
		E831545A20EAC395003B0AA4 /* NotificationViewController.swift in Sources */ = {isa = PBXBuildFile; fileRef = E831545920EAC394003B0AA4 /* NotificationViewController.swift */; };
		E831545D20EAC3A4003B0AA4 /* Notifications.storyboard in Resources */ = {isa = PBXBuildFile; fileRef = E831545B20EAC3A4003B0AA4 /* Notifications.storyboard */; };
/* End PBXBuildFile section */

/* Begin PBXContainerItemProxy section */
		3F11F01020C4771C007AB096 /* PBXContainerItemProxy */ = {
			isa = PBXContainerItemProxy;
			containerPortal = 3F11EFF320C4771A007AB096 /* Project object */;
			proxyType = 1;
			remoteGlobalIDString = 3F11EFFA20C4771A007AB096;
			remoteInfo = TrackITClient;
		};
/* End PBXContainerItemProxy section */

/* Begin PBXCopyFilesBuildPhase section */
		3F11F02320C4776A007AB096 /* Embed Frameworks */ = {
			isa = PBXCopyFilesBuildPhase;
			buildActionMask = 2147483647;
			dstPath = "";
			dstSubfolderSpec = 10;
			files = (
				102B781C20FAA480006FFF01 /* NetConnect.framework in Embed Frameworks */,
			);
			name = "Embed Frameworks";
			runOnlyForDeploymentPostprocessing = 0;
		};
/* End PBXCopyFilesBuildPhase section */

/* Begin PBXFileReference section */
		101A139720E7E51300D4BE59 /* OverviewPage.storyboard */ = {isa = PBXFileReference; fileEncoding = 4; lastKnownFileType = file.storyboard; path = OverviewPage.storyboard; sourceTree = "<group>"; };
		101A139920E7E8B300D4BE59 /* OverViewControl.swift */ = {isa = PBXFileReference; lastKnownFileType = sourcecode.swift; path = OverViewControl.swift; sourceTree = "<group>"; };
		102B781A20FAA480006FFF01 /* NetConnect.framework */ = {isa = PBXFileReference; explicitFileType = wrapper.framework; path = NetConnect.framework; sourceTree = BUILT_PRODUCTS_DIR; };
		10B80B2420E480EA007027F1 /* PageViewControl.swift */ = {isa = PBXFileReference; fileEncoding = 4; lastKnownFileType = sourcecode.swift; path = PageViewControl.swift; sourceTree = "<group>"; };
		10B80B2520E480EA007027F1 /* ViewControlClass.swift */ = {isa = PBXFileReference; fileEncoding = 4; lastKnownFileType = sourcecode.swift; path = ViewControlClass.swift; sourceTree = "<group>"; };
		10B80B2620E480EA007027F1 /* TimeClass.swift */ = {isa = PBXFileReference; fileEncoding = 4; lastKnownFileType = sourcecode.swift; path = TimeClass.swift; sourceTree = "<group>"; };
		10B80B2720E480EB007027F1 /* ServingPackageClass.swift */ = {isa = PBXFileReference; fileEncoding = 4; lastKnownFileType = sourcecode.swift; path = ServingPackageClass.swift; sourceTree = "<group>"; };
		10B80B2D20E48138007027F1 /* Base */ = {isa = PBXFileReference; lastKnownFileType = file.storyboard; name = Base; path = Base.lproj/FoodAdd.storyboard; sourceTree = "<group>"; };
		10C7B93520EED3CA000DD9D6 /* InformationFromFoodMenu.storyboard */ = {isa = PBXFileReference; lastKnownFileType = file.storyboard; path = InformationFromFoodMenu.storyboard; sourceTree = "<group>"; };
		10C7B93720EF064E000DD9D6 /* AdvancedAddVC.swift */ = {isa = PBXFileReference; lastKnownFileType = sourcecode.swift; path = AdvancedAddVC.swift; sourceTree = "<group>"; };
		10C7B93920F13B91000DD9D6 /* AdvancedStats.storyboard */ = {isa = PBXFileReference; lastKnownFileType = file.storyboard; path = AdvancedStats.storyboard; sourceTree = "<group>"; };
		10DEF64920EAB50300759A13 /* Base */ = {isa = PBXFileReference; lastKnownFileType = file.storyboard; name = Base; path = Main.storyboard; sourceTree = "<group>"; };
		10DEF64F20EAF98000759A13 /* BarchartClass.swift */ = {isa = PBXFileReference; fileEncoding = 4; lastKnownFileType = sourcecode.swift; path = BarchartClass.swift; sourceTree = "<group>"; };
		10DEF65020EAF98000759A13 /* ChartCreationClass.swift */ = {isa = PBXFileReference; fileEncoding = 4; lastKnownFileType = sourcecode.swift; path = ChartCreationClass.swift; sourceTree = "<group>"; };
		3F11EFFB20C4771A007AB096 /* TrackITClient.app */ = {isa = PBXFileReference; explicitFileType = wrapper.application; includeInIndex = 0; path = TrackITClient.app; sourceTree = BUILT_PRODUCTS_DIR; };
		3F11EFFE20C4771A007AB096 /* AppDelegate.swift */ = {isa = PBXFileReference; lastKnownFileType = sourcecode.swift; path = AppDelegate.swift; sourceTree = "<group>"; };
		3F11F00020C4771A007AB096 /* ViewController.swift */ = {isa = PBXFileReference; lastKnownFileType = sourcecode.swift; path = ViewController.swift; sourceTree = "<group>"; };
		3F11F00520C4771B007AB096 /* Assets.xcassets */ = {isa = PBXFileReference; lastKnownFileType = folder.assetcatalog; path = Assets.xcassets; sourceTree = "<group>"; };
		3F11F00820C4771B007AB096 /* Base */ = {isa = PBXFileReference; lastKnownFileType = file.storyboard; name = Base; path = Base.lproj/LaunchScreen.storyboard; sourceTree = "<group>"; };
		3F11F00A20C4771B007AB096 /* Info.plist */ = {isa = PBXFileReference; lastKnownFileType = text.plist.xml; path = Info.plist; sourceTree = "<group>"; };
		3F11F00F20C4771C007AB096 /* TrackITClientTests.xctest */ = {isa = PBXFileReference; explicitFileType = wrapper.cfbundle; includeInIndex = 0; path = TrackITClientTests.xctest; sourceTree = BUILT_PRODUCTS_DIR; };
		3F11F01320C4771C007AB096 /* TrackITClientTests.swift */ = {isa = PBXFileReference; lastKnownFileType = sourcecode.swift; path = TrackITClientTests.swift; sourceTree = "<group>"; };
		3F11F01520C4771C007AB096 /* Info.plist */ = {isa = PBXFileReference; lastKnownFileType = text.plist.xml; path = Info.plist; sourceTree = "<group>"; };
		3F11F02520C4880A007AB096 /* NetConnect */ = {isa = PBXFileReference; lastKnownFileType = folder; name = NetConnect; path = ../../../TrackITServer/Sources/NetConnect; sourceTree = "<group>"; };
		8B751E4820DF0329003EC7D4 /* split.png */ = {isa = PBXFileReference; lastKnownFileType = image.png; name = split.png; path = TrackITClient/split.png; sourceTree = "<group>"; };
		8B751E4A20E37661003EC7D4 /* ViewController2.swift */ = {isa = PBXFileReference; lastKnownFileType = sourcecode.swift; path = ViewController2.swift; sourceTree = "<group>"; };
		E831545920EAC394003B0AA4 /* NotificationViewController.swift */ = {isa = PBXFileReference; fileEncoding = 4; lastKnownFileType = sourcecode.swift; path = NotificationViewController.swift; sourceTree = "<group>"; };
		E831545C20EAC3A4003B0AA4 /* Base */ = {isa = PBXFileReference; lastKnownFileType = file.storyboard; name = Base; path = Base.lproj/Notifications.storyboard; sourceTree = "<group>"; };
/* End PBXFileReference section */

/* Begin PBXFrameworksBuildPhase section */
		3F11EFF820C4771A007AB096 /* Frameworks */ = {
			isa = PBXFrameworksBuildPhase;
			buildActionMask = 2147483647;
			files = (
				102B781B20FAA480006FFF01 /* NetConnect.framework in Frameworks */,
			);
			runOnlyForDeploymentPostprocessing = 0;
		};
		3F11F00C20C4771C007AB096 /* Frameworks */ = {
			isa = PBXFrameworksBuildPhase;
			buildActionMask = 2147483647;
			files = (
			);
			runOnlyForDeploymentPostprocessing = 0;
		};
/* End PBXFrameworksBuildPhase section */

/* Begin PBXGroup section */
		3F11EFF220C4771A007AB096 = {
			isa = PBXGroup;
			children = (
				102B781A20FAA480006FFF01 /* NetConnect.framework */,
				8B751E4820DF0329003EC7D4 /* split.png */,
				3F11EFFD20C4771A007AB096 /* TrackITClient */,
				3F11F01220C4771C007AB096 /* TrackITClientTests */,
				3F11EFFC20C4771A007AB096 /* Products */,
			);
			sourceTree = "<group>";
		};
		3F11EFFC20C4771A007AB096 /* Products */ = {
			isa = PBXGroup;
			children = (
				3F11EFFB20C4771A007AB096 /* TrackITClient.app */,
				3F11F00F20C4771C007AB096 /* TrackITClientTests.xctest */,
			);
			name = Products;
			sourceTree = "<group>";
		};
		3F11EFFD20C4771A007AB096 /* TrackITClient */ = {
			isa = PBXGroup;
			children = (
				10DEF64F20EAF98000759A13 /* BarchartClass.swift */,
				10DEF65020EAF98000759A13 /* ChartCreationClass.swift */,
				E831545B20EAC3A4003B0AA4 /* Notifications.storyboard */,
				E831545920EAC394003B0AA4 /* NotificationViewController.swift */,
				3F11F02520C4880A007AB096 /* NetConnect */,
				3F11EFFE20C4771A007AB096 /* AppDelegate.swift */,
				3F11F00020C4771A007AB096 /* ViewController.swift */,
				10DEF64820EAB50300759A13 /* Main.storyboard */,
				8B751E4A20E37661003EC7D4 /* ViewController2.swift */,
				10B80B2C20E48138007027F1 /* FoodAdd.storyboard */,
				101A139720E7E51300D4BE59 /* OverviewPage.storyboard */,
				10C7B93920F13B91000DD9D6 /* AdvancedStats.storyboard */,
				10C7B93520EED3CA000DD9D6 /* InformationFromFoodMenu.storyboard */,
				101A139920E7E8B300D4BE59 /* OverViewControl.swift */,
				10B80B2720E480EB007027F1 /* ServingPackageClass.swift */,
				10C7B93720EF064E000DD9D6 /* AdvancedAddVC.swift */,
				10B80B2620E480EA007027F1 /* TimeClass.swift */,
				10B80B2520E480EA007027F1 /* ViewControlClass.swift */,
				10B80B2420E480EA007027F1 /* PageViewControl.swift */,
				3F11F00520C4771B007AB096 /* Assets.xcassets */,
				3F11F00720C4771B007AB096 /* LaunchScreen.storyboard */,
				3F11F00A20C4771B007AB096 /* Info.plist */,
			);
			path = TrackITClient;
			sourceTree = "<group>";
		};
		3F11F01220C4771C007AB096 /* TrackITClientTests */ = {
			isa = PBXGroup;
			children = (
				3F11F01320C4771C007AB096 /* TrackITClientTests.swift */,
				3F11F01520C4771C007AB096 /* Info.plist */,
			);
			path = TrackITClientTests;
			sourceTree = "<group>";
		};
/* End PBXGroup section */

/* Begin PBXNativeTarget section */
		3F11EFFA20C4771A007AB096 /* TrackITClient */ = {
			isa = PBXNativeTarget;
			buildConfigurationList = 3F11F01820C4771C007AB096 /* Build configuration list for PBXNativeTarget "TrackITClient" */;
			buildPhases = (
				3F11EFF720C4771A007AB096 /* Sources */,
				3F11EFF820C4771A007AB096 /* Frameworks */,
				3F11EFF920C4771A007AB096 /* Resources */,
				3F11F02320C4776A007AB096 /* Embed Frameworks */,
			);
			buildRules = (
			);
			dependencies = (
			);
			name = TrackITClient;
			productName = TrackITClient;
			productReference = 3F11EFFB20C4771A007AB096 /* TrackITClient.app */;
			productType = "com.apple.product-type.application";
		};
		3F11F00E20C4771C007AB096 /* TrackITClientTests */ = {
			isa = PBXNativeTarget;
			buildConfigurationList = 3F11F01B20C4771C007AB096 /* Build configuration list for PBXNativeTarget "TrackITClientTests" */;
			buildPhases = (
				3F11F00B20C4771C007AB096 /* Sources */,
				3F11F00C20C4771C007AB096 /* Frameworks */,
				3F11F00D20C4771C007AB096 /* Resources */,
			);
			buildRules = (
			);
			dependencies = (
				3F11F01120C4771C007AB096 /* PBXTargetDependency */,
			);
			name = TrackITClientTests;
			productName = TrackITClientTests;
			productReference = 3F11F00F20C4771C007AB096 /* TrackITClientTests.xctest */;
			productType = "com.apple.product-type.bundle.unit-test";
		};
/* End PBXNativeTarget section */

/* Begin PBXProject section */
		3F11EFF320C4771A007AB096 /* Project object */ = {
			isa = PBXProject;
			attributes = {
				LastSwiftUpdateCheck = 0940;
				LastUpgradeCheck = 0940;
				ORGANIZATIONNAME = "Group 9";
				TargetAttributes = {
					3F11EFFA20C4771A007AB096 = {
						CreatedOnToolsVersion = 9.4;
					};
					3F11F00E20C4771C007AB096 = {
						CreatedOnToolsVersion = 9.4;
						TestTargetID = 3F11EFFA20C4771A007AB096;
					};
				};
			};
			buildConfigurationList = 3F11EFF620C4771A007AB096 /* Build configuration list for PBXProject "TrackITClient" */;
			compatibilityVersion = "Xcode 9.3";
			developmentRegion = en;
			hasScannedForEncodings = 0;
			knownRegions = (
				en,
				Base,
			);
			mainGroup = 3F11EFF220C4771A007AB096;
			productRefGroup = 3F11EFFC20C4771A007AB096 /* Products */;
			projectDirPath = "";
			projectRoot = "";
			targets = (
				3F11EFFA20C4771A007AB096 /* TrackITClient */,
				3F11F00E20C4771C007AB096 /* TrackITClientTests */,
			);
		};
/* End PBXProject section */

/* Begin PBXResourcesBuildPhase section */
		3F11EFF920C4771A007AB096 /* Resources */ = {
			isa = PBXResourcesBuildPhase;
			buildActionMask = 2147483647;
			files = (
				8BD217C220EAC0D700C00E9D /* Main.storyboard in Resources */,
				E831545D20EAC3A4003B0AA4 /* Notifications.storyboard in Resources */,
				10C7B93620EED3CA000DD9D6 /* InformationFromFoodMenu.storyboard in Resources */,
				3F11F00920C4771B007AB096 /* LaunchScreen.storyboard in Resources */,
				3F11F00620C4771B007AB096 /* Assets.xcassets in Resources */,
				10B80B2E20E48138007027F1 /* FoodAdd.storyboard in Resources */,
				10C7B93A20F13B91000DD9D6 /* AdvancedStats.storyboard in Resources */,
				8B751E4920DF0329003EC7D4 /* split.png in Resources */,
				3F11F02620C4880A007AB096 /* NetConnect in Resources */,
				101A139820E7E51300D4BE59 /* OverviewPage.storyboard in Resources */,
			);
			runOnlyForDeploymentPostprocessing = 0;
		};
		3F11F00D20C4771C007AB096 /* Resources */ = {
			isa = PBXResourcesBuildPhase;
			buildActionMask = 2147483647;
			files = (
			);
			runOnlyForDeploymentPostprocessing = 0;
		};
/* End PBXResourcesBuildPhase section */

/* Begin PBXSourcesBuildPhase section */
		3F11EFF720C4771A007AB096 /* Sources */ = {
			isa = PBXSourcesBuildPhase;
			buildActionMask = 2147483647;
			files = (
				101A139A20E7E8B300D4BE59 /* OverViewControl.swift in Sources */,
				10DEF65120EAF98000759A13 /* BarchartClass.swift in Sources */,
				10DEF65220EAF98000759A13 /* ChartCreationClass.swift in Sources */,
				3F11F00120C4771A007AB096 /* ViewController.swift in Sources */,
				10B80B2920E480EB007027F1 /* ViewControlClass.swift in Sources */,
				10B80B2820E480EB007027F1 /* PageViewControl.swift in Sources */,
				10C7B93820EF064E000DD9D6 /* AdvancedAddVC.swift in Sources */,
				3F11EFFF20C4771A007AB096 /* AppDelegate.swift in Sources */,
				E831545A20EAC395003B0AA4 /* NotificationViewController.swift in Sources */,
				8B751E4B20E37661003EC7D4 /* ViewController2.swift in Sources */,
				10B80B2A20E480EB007027F1 /* TimeClass.swift in Sources */,
				10B80B2B20E480EB007027F1 /* ServingPackageClass.swift in Sources */,
			);
			runOnlyForDeploymentPostprocessing = 0;
		};
		3F11F00B20C4771C007AB096 /* Sources */ = {
			isa = PBXSourcesBuildPhase;
			buildActionMask = 2147483647;
			files = (
				3F11F01420C4771C007AB096 /* TrackITClientTests.swift in Sources */,
			);
			runOnlyForDeploymentPostprocessing = 0;
		};
/* End PBXSourcesBuildPhase section */

/* Begin PBXTargetDependency section */
		3F11F01120C4771C007AB096 /* PBXTargetDependency */ = {
			isa = PBXTargetDependency;
			target = 3F11EFFA20C4771A007AB096 /* TrackITClient */;
			targetProxy = 3F11F01020C4771C007AB096 /* PBXContainerItemProxy */;
		};
/* End PBXTargetDependency section */

/* Begin PBXVariantGroup section */
		10B80B2C20E48138007027F1 /* FoodAdd.storyboard */ = {
			isa = PBXVariantGroup;
			children = (
				10B80B2D20E48138007027F1 /* Base */,
			);
			name = FoodAdd.storyboard;
			sourceTree = "<group>";
		};
		10DEF64820EAB50300759A13 /* Main.storyboard */ = {
			isa = PBXVariantGroup;
			children = (
				10DEF64920EAB50300759A13 /* Base */,
			);
			name = Main.storyboard;
			sourceTree = "<group>";
		};
		3F11F00720C4771B007AB096 /* LaunchScreen.storyboard */ = {
			isa = PBXVariantGroup;
			children = (
				3F11F00820C4771B007AB096 /* Base */,
			);
			name = LaunchScreen.storyboard;
			sourceTree = "<group>";
		};
		E831545B20EAC3A4003B0AA4 /* Notifications.storyboard */ = {
			isa = PBXVariantGroup;
			children = (
				E831545C20EAC3A4003B0AA4 /* Base */,
			);
			name = Notifications.storyboard;
			sourceTree = "<group>";
		};
/* End PBXVariantGroup section */

/* Begin XCBuildConfiguration section */
		3F11F01620C4771C007AB096 /* Debug */ = {
			isa = XCBuildConfiguration;
			buildSettings = {
				ALWAYS_SEARCH_USER_PATHS = NO;
				CLANG_ANALYZER_NONNULL = YES;
				CLANG_ANALYZER_NUMBER_OBJECT_CONVERSION = YES_AGGRESSIVE;
				CLANG_CXX_LANGUAGE_STANDARD = "gnu++14";
				CLANG_CXX_LIBRARY = "libc++";
				CLANG_ENABLE_MODULES = YES;
				CLANG_ENABLE_OBJC_ARC = YES;
				CLANG_ENABLE_OBJC_WEAK = YES;
				CLANG_WARN_BLOCK_CAPTURE_AUTORELEASING = YES;
				CLANG_WARN_BOOL_CONVERSION = YES;
				CLANG_WARN_COMMA = YES;
				CLANG_WARN_CONSTANT_CONVERSION = YES;
				CLANG_WARN_DEPRECATED_OBJC_IMPLEMENTATIONS = YES;
				CLANG_WARN_DIRECT_OBJC_ISA_USAGE = YES_ERROR;
				CLANG_WARN_DOCUMENTATION_COMMENTS = YES;
				CLANG_WARN_EMPTY_BODY = YES;
				CLANG_WARN_ENUM_CONVERSION = YES;
				CLANG_WARN_INFINITE_RECURSION = YES;
				CLANG_WARN_INT_CONVERSION = YES;
				CLANG_WARN_NON_LITERAL_NULL_CONVERSION = YES;
				CLANG_WARN_OBJC_IMPLICIT_RETAIN_SELF = YES;
				CLANG_WARN_OBJC_LITERAL_CONVERSION = YES;
				CLANG_WARN_OBJC_ROOT_CLASS = YES_ERROR;
				CLANG_WARN_RANGE_LOOP_ANALYSIS = YES;
				CLANG_WARN_STRICT_PROTOTYPES = YES;
				CLANG_WARN_SUSPICIOUS_MOVE = YES;
				CLANG_WARN_UNGUARDED_AVAILABILITY = YES_AGGRESSIVE;
				CLANG_WARN_UNREACHABLE_CODE = YES;
				CLANG_WARN__DUPLICATE_METHOD_MATCH = YES;
				CODE_SIGN_IDENTITY = "iPhone Developer";
				COPY_PHASE_STRIP = NO;
				DEBUG_INFORMATION_FORMAT = dwarf;
				ENABLE_STRICT_OBJC_MSGSEND = YES;
				ENABLE_TESTABILITY = YES;
				GCC_C_LANGUAGE_STANDARD = gnu11;
				GCC_DYNAMIC_NO_PIC = NO;
				GCC_NO_COMMON_BLOCKS = YES;
				GCC_OPTIMIZATION_LEVEL = 0;
				GCC_PREPROCESSOR_DEFINITIONS = (
					"DEBUG=1",
					"$(inherited)",
				);
				GCC_WARN_64_TO_32_BIT_CONVERSION = YES;
				GCC_WARN_ABOUT_RETURN_TYPE = YES_ERROR;
				GCC_WARN_UNDECLARED_SELECTOR = YES;
				GCC_WARN_UNINITIALIZED_AUTOS = YES_AGGRESSIVE;
				GCC_WARN_UNUSED_FUNCTION = YES;
				GCC_WARN_UNUSED_VARIABLE = YES;
				IPHONEOS_DEPLOYMENT_TARGET = 11.4;
				MTL_ENABLE_DEBUG_INFO = YES;
				ONLY_ACTIVE_ARCH = YES;
				SDKROOT = iphoneos;
				SWIFT_ACTIVE_COMPILATION_CONDITIONS = DEBUG;
				SWIFT_OPTIMIZATION_LEVEL = "-Onone";
			};
			name = Debug;
		};
		3F11F01720C4771C007AB096 /* Release */ = {
			isa = XCBuildConfiguration;
			buildSettings = {
				ALWAYS_SEARCH_USER_PATHS = NO;
				CLANG_ANALYZER_NONNULL = YES;
				CLANG_ANALYZER_NUMBER_OBJECT_CONVERSION = YES_AGGRESSIVE;
				CLANG_CXX_LANGUAGE_STANDARD = "gnu++14";
				CLANG_CXX_LIBRARY = "libc++";
				CLANG_ENABLE_MODULES = YES;
				CLANG_ENABLE_OBJC_ARC = YES;
				CLANG_ENABLE_OBJC_WEAK = YES;
				CLANG_WARN_BLOCK_CAPTURE_AUTORELEASING = YES;
				CLANG_WARN_BOOL_CONVERSION = YES;
				CLANG_WARN_COMMA = YES;
				CLANG_WARN_CONSTANT_CONVERSION = YES;
				CLANG_WARN_DEPRECATED_OBJC_IMPLEMENTATIONS = YES;
				CLANG_WARN_DIRECT_OBJC_ISA_USAGE = YES_ERROR;
				CLANG_WARN_DOCUMENTATION_COMMENTS = YES;
				CLANG_WARN_EMPTY_BODY = YES;
				CLANG_WARN_ENUM_CONVERSION = YES;
				CLANG_WARN_INFINITE_RECURSION = YES;
				CLANG_WARN_INT_CONVERSION = YES;
				CLANG_WARN_NON_LITERAL_NULL_CONVERSION = YES;
				CLANG_WARN_OBJC_IMPLICIT_RETAIN_SELF = YES;
				CLANG_WARN_OBJC_LITERAL_CONVERSION = YES;
				CLANG_WARN_OBJC_ROOT_CLASS = YES_ERROR;
				CLANG_WARN_RANGE_LOOP_ANALYSIS = YES;
				CLANG_WARN_STRICT_PROTOTYPES = YES;
				CLANG_WARN_SUSPICIOUS_MOVE = YES;
				CLANG_WARN_UNGUARDED_AVAILABILITY = YES_AGGRESSIVE;
				CLANG_WARN_UNREACHABLE_CODE = YES;
				CLANG_WARN__DUPLICATE_METHOD_MATCH = YES;
				CODE_SIGN_IDENTITY = "iPhone Developer";
				COPY_PHASE_STRIP = NO;
				DEBUG_INFORMATION_FORMAT = "dwarf-with-dsym";
				ENABLE_NS_ASSERTIONS = NO;
				ENABLE_STRICT_OBJC_MSGSEND = YES;
				GCC_C_LANGUAGE_STANDARD = gnu11;
				GCC_NO_COMMON_BLOCKS = YES;
				GCC_WARN_64_TO_32_BIT_CONVERSION = YES;
				GCC_WARN_ABOUT_RETURN_TYPE = YES_ERROR;
				GCC_WARN_UNDECLARED_SELECTOR = YES;
				GCC_WARN_UNINITIALIZED_AUTOS = YES_AGGRESSIVE;
				GCC_WARN_UNUSED_FUNCTION = YES;
				GCC_WARN_UNUSED_VARIABLE = YES;
				IPHONEOS_DEPLOYMENT_TARGET = 11.4;
				MTL_ENABLE_DEBUG_INFO = NO;
				SDKROOT = iphoneos;
				SWIFT_COMPILATION_MODE = wholemodule;
				SWIFT_OPTIMIZATION_LEVEL = "-O";
				VALIDATE_PRODUCT = YES;
			};
			name = Release;
		};
		3F11F01920C4771C007AB096 /* Debug */ = {
			isa = XCBuildConfiguration;
			buildSettings = {
				ASSETCATALOG_COMPILER_APPICON_NAME = AppIcon;
				CODE_SIGN_STYLE = Automatic;
				DEVELOPMENT_TEAM = WTUWJ9Q64Z;
				INFOPLIST_FILE = TrackITClient/Info.plist;
				IPHONEOS_DEPLOYMENT_TARGET = 11.4;
				LD_RUNPATH_SEARCH_PATHS = (
					"$(inherited)",
					"@executable_path/Frameworks",
				);
				PRODUCT_BUNDLE_IDENTIFIER = G9Trackit;
				PRODUCT_NAME = "$(TARGET_NAME)";
				SWIFT_VERSION = 4.0;
				TARGETED_DEVICE_FAMILY = "1,2";
			};
			name = Debug;
		};
		3F11F01A20C4771C007AB096 /* Release */ = {
			isa = XCBuildConfiguration;
			buildSettings = {
				ASSETCATALOG_COMPILER_APPICON_NAME = AppIcon;
				CODE_SIGN_STYLE = Automatic;
				DEVELOPMENT_TEAM = WTUWJ9Q64Z;
				INFOPLIST_FILE = TrackITClient/Info.plist;
				IPHONEOS_DEPLOYMENT_TARGET = 11.4;
				LD_RUNPATH_SEARCH_PATHS = (
					"$(inherited)",
					"@executable_path/Frameworks",
				);
				PRODUCT_BUNDLE_IDENTIFIER = G9Trackit;
				PRODUCT_NAME = "$(TARGET_NAME)";
				SWIFT_VERSION = 4.0;
				TARGETED_DEVICE_FAMILY = "1,2";
			};
			name = Release;
		};
		3F11F01C20C4771C007AB096 /* Debug */ = {
			isa = XCBuildConfiguration;
			buildSettings = {
				ALWAYS_EMBED_SWIFT_STANDARD_LIBRARIES = YES;
				BUNDLE_LOADER = "$(TEST_HOST)";
				CODE_SIGN_STYLE = Automatic;
				DEVELOPMENT_TEAM = MF36S9L9U3;
				INFOPLIST_FILE = TrackITClientTests/Info.plist;
				LD_RUNPATH_SEARCH_PATHS = (
					"$(inherited)",
					"@executable_path/Frameworks",
					"@loader_path/Frameworks",
				);
				PRODUCT_BUNDLE_IDENTIFIER = com.cmptg9.TrackITClientTests;
				PRODUCT_NAME = "$(TARGET_NAME)";
				SWIFT_VERSION = 4.0;
				TARGETED_DEVICE_FAMILY = "1,2";
				TEST_HOST = "$(BUILT_PRODUCTS_DIR)/TrackITClient.app/TrackITClient";
			};
			name = Debug;
		};
		3F11F01D20C4771C007AB096 /* Release */ = {
			isa = XCBuildConfiguration;
			buildSettings = {
				ALWAYS_EMBED_SWIFT_STANDARD_LIBRARIES = YES;
				BUNDLE_LOADER = "$(TEST_HOST)";
				CODE_SIGN_STYLE = Automatic;
				DEVELOPMENT_TEAM = MF36S9L9U3;
				INFOPLIST_FILE = TrackITClientTests/Info.plist;
				LD_RUNPATH_SEARCH_PATHS = (
					"$(inherited)",
					"@executable_path/Frameworks",
					"@loader_path/Frameworks",
				);
				PRODUCT_BUNDLE_IDENTIFIER = com.cmptg9.TrackITClientTests;
				PRODUCT_NAME = "$(TARGET_NAME)";
				SWIFT_VERSION = 4.0;
				TARGETED_DEVICE_FAMILY = "1,2";
				TEST_HOST = "$(BUILT_PRODUCTS_DIR)/TrackITClient.app/TrackITClient";
			};
			name = Release;
		};
/* End XCBuildConfiguration section */

/* Begin XCConfigurationList section */
		3F11EFF620C4771A007AB096 /* Build configuration list for PBXProject "TrackITClient" */ = {
			isa = XCConfigurationList;
			buildConfigurations = (
				3F11F01620C4771C007AB096 /* Debug */,
				3F11F01720C4771C007AB096 /* Release */,
			);
			defaultConfigurationIsVisible = 0;
			defaultConfigurationName = Release;
		};
		3F11F01820C4771C007AB096 /* Build configuration list for PBXNativeTarget "TrackITClient" */ = {
			isa = XCConfigurationList;
			buildConfigurations = (
				3F11F01920C4771C007AB096 /* Debug */,
				3F11F01A20C4771C007AB096 /* Release */,
			);
			defaultConfigurationIsVisible = 0;
			defaultConfigurationName = Release;
		};
		3F11F01B20C4771C007AB096 /* Build configuration list for PBXNativeTarget "TrackITClientTests" */ = {
			isa = XCConfigurationList;
			buildConfigurations = (
				3F11F01C20C4771C007AB096 /* Debug */,
				3F11F01D20C4771C007AB096 /* Release */,
			);
			defaultConfigurationIsVisible = 0;
			defaultConfigurationName = Release;
		};
/* End XCConfigurationList section */
	};
	rootObject = 3F11EFF320C4771A007AB096 /* Project object */;
}
